// !$*UTF8*$!
{
	archiveVersion = 1;
	classes = {
	};
	objectVersion = 50;
	objects = {

/* Begin PBXBuildFile section */
		03055E8B265D3C3700E1E12B /* PerformancesTests.swift in Sources */ = {isa = PBXBuildFile; fileRef = 03055E8A265D3C3700E1E12B /* PerformancesTests.swift */; };
		03055E91265D3CCB00E1E12B /* SportsTests.swift in Sources */ = {isa = PBXBuildFile; fileRef = 03055E90265D3CCB00E1E12B /* SportsTests.swift */; };
		03055E95265D3D0300E1E12B /* PotsTests.swift in Sources */ = {isa = PBXBuildFile; fileRef = 03055E94265D3D0300E1E12B /* PotsTests.swift */; };
		03055E99265D3D3900E1E12B /* AthleticsTests.swift in Sources */ = {isa = PBXBuildFile; fileRef = 03055E98265D3D3900E1E12B /* AthleticsTests.swift */; };
		03055E9D265D3D5B00E1E12B /* GameTests.swift in Sources */ = {isa = PBXBuildFile; fileRef = 03055E9C265D3D5B00E1E12B /* GameTests.swift */; };
		03055EA3265D40B400E1E12B /* SettingsTests.swift in Sources */ = {isa = PBXBuildFile; fileRef = 03055EA2265D40B400E1E12B /* SettingsTests.swift */; };
		030585E326395A03002015A7 /* DetailsText.swift in Sources */ = {isa = PBXBuildFile; fileRef = 030585E226395A03002015A7 /* DetailsText.swift */; };
		0305890826491F4C00AB6B28 /* PotsManager.swift in Sources */ = {isa = PBXBuildFile; fileRef = 0305890726491F4C00AB6B28 /* PotsManager.swift */; };
		0307AE3F260A40CB007FBAA1 /* Pot.swift in Sources */ = {isa = PBXBuildFile; fileRef = 0307AE3E260A40CB007FBAA1 /* Pot.swift */; };
		030DB54C261352320054D140 /* Settings.swift in Sources */ = {isa = PBXBuildFile; fileRef = 030DB54B261352320054D140 /* Settings.swift */; };
		030EA01B26539D52006CA0A0 /* Date+SchemeDates.swift in Sources */ = {isa = PBXBuildFile; fileRef = 030EA01A26539D52006CA0A0 /* Date+SchemeDates.swift */; };
		030EA01F26540AF4006CA0A0 /* HelpView.swift in Sources */ = {isa = PBXBuildFile; fileRef = 030EA01E26540AF3006CA0A0 /* HelpView.swift */; };
		03192E6E262ABE02000D572E /* UIColor+appColors.swift in Sources */ = {isa = PBXBuildFile; fileRef = 03192E6D262ABE02000D572E /* UIColor+appColors.swift */; };
		03264BD226203D58003F6429 /* Color+appColors.swift in Sources */ = {isa = PBXBuildFile; fileRef = 03264BD126203D58003F6429 /* Color+appColors.swift */; };
		03264BD626203E3D003F6429 /* AthleticCell.swift in Sources */ = {isa = PBXBuildFile; fileRef = 03264BD526203E3D003F6429 /* AthleticCell.swift */; };
		03264BDA26203E78003F6429 /* AthleticImage.swift in Sources */ = {isa = PBXBuildFile; fileRef = 03264BD926203E78003F6429 /* AthleticImage.swift */; };
		03264BDE26203EB5003F6429 /* AthleticSettings.swift in Sources */ = {isa = PBXBuildFile; fileRef = 03264BDD26203EB5003F6429 /* AthleticSettings.swift */; };
		03264BEF262056E4003F6429 /* SportsHome.swift in Sources */ = {isa = PBXBuildFile; fileRef = 03264BEE262056E4003F6429 /* SportsHome.swift */; };
		03264BF326208E23003F6429 /* SportCell.swift in Sources */ = {isa = PBXBuildFile; fileRef = 03264BF226208E22003F6429 /* SportCell.swift */; };
		03264BF726208E36003F6429 /* SportIcon.swift in Sources */ = {isa = PBXBuildFile; fileRef = 03264BF626208E36003F6429 /* SportIcon.swift */; };
		03264BFB26208E4C003F6429 /* SportSettings.swift in Sources */ = {isa = PBXBuildFile; fileRef = 03264BFA26208E4C003F6429 /* SportSettings.swift */; };
		0327CDEB2657A74C0053B259 /* PotsWarning.swift in Sources */ = {isa = PBXBuildFile; fileRef = 0327CDEA2657A74C0053B259 /* PotsWarning.swift */; };
		032915C2265E5BEA0076729F /* CommonTestsSupport.swift in Sources */ = {isa = PBXBuildFile; fileRef = 032915C1265E5BEA0076729F /* CommonTestsSupport.swift */; };
		032AFA0F261756ED00D61E28 /* PotsHome.swift in Sources */ = {isa = PBXBuildFile; fileRef = 032AFA0E261756ED00D61E28 /* PotsHome.swift */; };
		032AFA2426175D0600D61E28 /* akaPosse.ttf in Resources */ = {isa = PBXBuildFile; fileRef = 032AFA2326175D0600D61E28 /* akaPosse.ttf */; };
		032AFA2E26175DA900D61E28 /* kirsty.otf in Resources */ = {isa = PBXBuildFile; fileRef = 032AFA2D26175DA900D61E28 /* kirsty.otf */; };
		032AFA342617648800D61E28 /* AppList.swift in Sources */ = {isa = PBXBuildFile; fileRef = 032AFA332617648800D61E28 /* AppList.swift */; };
		03324011264A68E000DA4E3A /* sportive.ttf in Resources */ = {isa = PBXBuildFile; fileRef = 03324010264A68E000DA4E3A /* sportive.ttf */; };
		03342BC8262B1088002FE0BE /* SettingsCustomPicker.swift in Sources */ = {isa = PBXBuildFile; fileRef = 03342BC7262B1088002FE0BE /* SettingsCustomPicker.swift */; };
		033503382638227600E2BD99 /* Performance.swift in Sources */ = {isa = PBXBuildFile; fileRef = 033503372638227600E2BD99 /* Performance.swift */; };
		0335034726384CDB00E2BD99 /* DetailsPerformancesDisplayer.swift in Sources */ = {isa = PBXBuildFile; fileRef = 0335034626384CDB00E2BD99 /* DetailsPerformancesDisplayer.swift */; };
		034AB62526010E5B0034C1E2 /* AppDelegate.swift in Sources */ = {isa = PBXBuildFile; fileRef = 034AB62426010E5B0034C1E2 /* AppDelegate.swift */; };
		034AB62726010E5B0034C1E2 /* SceneDelegate.swift in Sources */ = {isa = PBXBuildFile; fileRef = 034AB62626010E5B0034C1E2 /* SceneDelegate.swift */; };
		034AB62C26010E5B0034C1E2 /* Carrots.xcdatamodeld in Sources */ = {isa = PBXBuildFile; fileRef = 034AB62A26010E5B0034C1E2 /* Carrots.xcdatamodeld */; };
		034AB62E26010E5F0034C1E2 /* Assets.xcassets in Resources */ = {isa = PBXBuildFile; fileRef = 034AB62D26010E5F0034C1E2 /* Assets.xcassets */; };
		034AB63126010E5F0034C1E2 /* Preview Assets.xcassets in Resources */ = {isa = PBXBuildFile; fileRef = 034AB63026010E5F0034C1E2 /* Preview Assets.xcassets */; };
		034AB63426010E5F0034C1E2 /* LaunchScreen.storyboard in Resources */ = {isa = PBXBuildFile; fileRef = 034AB63226010E5F0034C1E2 /* LaunchScreen.storyboard */; };
		034C01C7262DBCD5000663AA /* SettingsAthleticImagePicker.swift in Sources */ = {isa = PBXBuildFile; fileRef = 034C01C6262DBCD5000663AA /* SettingsAthleticImagePicker.swift */; };
		034C01CB262DBD93000663AA /* SettingsSportIconPicker.swift in Sources */ = {isa = PBXBuildFile; fileRef = 034C01CA262DBD93000663AA /* SettingsSportIconPicker.swift */; };
		034FC13C262EC71A0081ADB2 /* NavigationBarButton.swift in Sources */ = {isa = PBXBuildFile; fileRef = 034FC13B262EC71A0081ADB2 /* NavigationBarButton.swift */; };
		034FC149262ECD6B0081ADB2 /* InDetailsPage.swift in Sources */ = {isa = PBXBuildFile; fileRef = 034FC148262ECD6B0081ADB2 /* InDetailsPage.swift */; };
		034FC152262F13D20081ADB2 /* DetailsEvolutionGraph.swift in Sources */ = {isa = PBXBuildFile; fileRef = 034FC151262F13D20081ADB2 /* DetailsEvolutionGraph.swift */; };
		03648EA4263BE6D5004EE0AA /* HomeTab.swift in Sources */ = {isa = PBXBuildFile; fileRef = 03648EA3263BE6D5004EE0AA /* HomeTab.swift */; };
		03648EB4263C01E8004EE0AA /* InNavigationHome.swift in Sources */ = {isa = PBXBuildFile; fileRef = 03648EB3263C01E8004EE0AA /* InNavigationHome.swift */; };
		0366F87B265667070070D4A0 /* Localizable.strings in Resources */ = {isa = PBXBuildFile; fileRef = 0366F87D265667070070D4A0 /* Localizable.strings */; };
		0366F882265667900070D4A0 /* String+Localizable.swift in Sources */ = {isa = PBXBuildFile; fileRef = 0366F881265667900070D4A0 /* String+Localizable.swift */; };
		0383212126088DEF003EE886 /* ApplicationErrors.swift in Sources */ = {isa = PBXBuildFile; fileRef = 0383212026088DEF003EE886 /* ApplicationErrors.swift */; };
		0383212626088E0C003EE886 /* Error+userDescription.swift in Sources */ = {isa = PBXBuildFile; fileRef = 0383212526088E0C003EE886 /* Error+userDescription.swift */; };
		0383212A260899F3003EE886 /* Sport.swift in Sources */ = {isa = PBXBuildFile; fileRef = 03832129260899F3003EE886 /* Sport.swift */; };
		03B1DF9C262C8D5D00B590AC /* InSettingsPage.swift in Sources */ = {isa = PBXBuildFile; fileRef = 03B1DF9B262C8D5D00B590AC /* InSettingsPage.swift */; };
		03B1DFA1262C8DA000B590AC /* SettingsSportValue.swift in Sources */ = {isa = PBXBuildFile; fileRef = 03B1DFA0262C8DA000B590AC /* SettingsSportValue.swift */; };
		03B1DFA6262C8DDB00B590AC /* PerformanceSettings.swift in Sources */ = {isa = PBXBuildFile; fileRef = 03B1DFA5262C8DDB00B590AC /* PerformanceSettings.swift */; };
		03B1DFAA262C8DF700B590AC /* CommonSpacers.swift in Sources */ = {isa = PBXBuildFile; fileRef = 03B1DFA9262C8DF700B590AC /* CommonSpacers.swift */; };
		03B1DFB0262C8EE500B590AC /* CloseKeyboardOnTap.swift in Sources */ = {isa = PBXBuildFile; fileRef = 03B1DFAF262C8EE500B590AC /* CloseKeyboardOnTap.swift */; };
		03B1DFB4262C933300B590AC /* SettingsTextfield.swift in Sources */ = {isa = PBXBuildFile; fileRef = 03B1DFB3262C933300B590AC /* SettingsTextfield.swift */; };
		03BBF2622625CE3600D41B8B /* PerformancesHome.swift in Sources */ = {isa = PBXBuildFile; fileRef = 03BBF2612625CE3600D41B8B /* PerformancesHome.swift */; };
		03BBF2662625CFDC00D41B8B /* PerformanceCell.swift in Sources */ = {isa = PBXBuildFile; fileRef = 03BBF2652625CFDC00D41B8B /* PerformanceCell.swift */; };
		03C5649F26302FD20056756A /* AthleticDetails.swift in Sources */ = {isa = PBXBuildFile; fileRef = 03C5649E26302FD20056756A /* AthleticDetails.swift */; };
		03C564A326302FFC0056756A /* DetailsAthleticPicture.swift in Sources */ = {isa = PBXBuildFile; fileRef = 03C564A226302FFC0056756A /* DetailsAthleticPicture.swift */; };
		03C564A72630301C0056756A /* DetailsDateDisplayer.swift in Sources */ = {isa = PBXBuildFile; fileRef = 03C564A62630301C0056756A /* DetailsDateDisplayer.swift */; };
		03CAE4672641259400C9309D /* InModule.swift in Sources */ = {isa = PBXBuildFile; fileRef = 03CAE4662641259400C9309D /* InModule.swift */; };
		03CAE4702641303600C9309D /* SettingsSegmentedPicker.swift in Sources */ = {isa = PBXBuildFile; fileRef = 03CAE46F2641303600C9309D /* SettingsSegmentedPicker.swift */; };
		03CAE474264133F400C9309D /* SettingsDatePicker.swift in Sources */ = {isa = PBXBuildFile; fileRef = 03CAE473264133F400C9309D /* SettingsDatePicker.swift */; };
		03CAE49126417F4F00C9309D /* GameViewModel.swift in Sources */ = {isa = PBXBuildFile; fileRef = 03CAE49026417F4F00C9309D /* GameViewModel.swift */; };
		03CE0749262D75260054BDC0 /* SettingsCustomToggle.swift in Sources */ = {isa = PBXBuildFile; fileRef = 03CE0748262D75260054BDC0 /* SettingsCustomToggle.swift */; };
		03CE074D262D75C10054BDC0 /* UIFont+appFonts.swift in Sources */ = {isa = PBXBuildFile; fileRef = 03CE074C262D75C10054BDC0 /* UIFont+appFonts.swift */; };
		03D3C7BA260C7B1500DDA29F /* Athletic.swift in Sources */ = {isa = PBXBuildFile; fileRef = 03D3C7B9260C7B1400DDA29F /* Athletic.swift */; };
		03D3C7BE260C7B2B00DDA29F /* Int16+enumConversion.swift in Sources */ = {isa = PBXBuildFile; fileRef = 03D3C7BD260C7B2B00DDA29F /* Int16+enumConversion.swift */; };
		03DABD892652986A00746B6E /* EvolutionDatasManager.swift in Sources */ = {isa = PBXBuildFile; fileRef = 03DABD882652986A00746B6E /* EvolutionDatasManager.swift */; };
		03DD81F2261EFFCE0028A0A5 /* ViewCommonSettings.swift in Sources */ = {isa = PBXBuildFile; fileRef = 03DD81F1261EFFCE0028A0A5 /* ViewCommonSettings.swift */; };
		03DD81F7261F000B0028A0A5 /* WithBackground.swift in Sources */ = {isa = PBXBuildFile; fileRef = 03DD81F6261F000B0028A0A5 /* WithBackground.swift */; };
		03DD81FF261F00520028A0A5 /* InRectangle.swift in Sources */ = {isa = PBXBuildFile; fileRef = 03DD81FE261F00520028A0A5 /* InRectangle.swift */; };
		03DD8203261F00620028A0A5 /* Fonts.swift in Sources */ = {isa = PBXBuildFile; fileRef = 03DD8202261F00620028A0A5 /* Fonts.swift */; };
		03DD820C261F01190028A0A5 /* InNavigationPage.swift in Sources */ = {isa = PBXBuildFile; fileRef = 03DD820B261F01190028A0A5 /* InNavigationPage.swift */; };
		03DD8212261F013C0028A0A5 /* GeneralSettings.swift in Sources */ = {isa = PBXBuildFile; fileRef = 03DD8211261F013C0028A0A5 /* GeneralSettings.swift */; };
		03DD8216261F01620028A0A5 /* PotCell.swift in Sources */ = {isa = PBXBuildFile; fileRef = 03DD8215261F01620028A0A5 /* PotCell.swift */; };
		03DD821A261F01870028A0A5 /* InNavigationLink.swift in Sources */ = {isa = PBXBuildFile; fileRef = 03DD8219261F01870028A0A5 /* InNavigationLink.swift */; };
		03DD8222261F01D60028A0A5 /* PotAddings.swift in Sources */ = {isa = PBXBuildFile; fileRef = 03DD8221261F01D60028A0A5 /* PotAddings.swift */; };
		03DD8226261F0A540028A0A5 /* InButton.swift in Sources */ = {isa = PBXBuildFile; fileRef = 03DD8225261F0A540028A0A5 /* InButton.swift */; };
		03DD822B261F23960028A0A5 /* AthleticsHome.swift in Sources */ = {isa = PBXBuildFile; fileRef = 03DD822A261F23960028A0A5 /* AthleticsHome.swift */; };
		03DE95842604C4CF00FBAA4F /* CoreDataStack.swift in Sources */ = {isa = PBXBuildFile; fileRef = 03DE95832604C4CF00FBAA4F /* CoreDataStack.swift */; };
		03DE95882604C51800FBAA4F /* Game.swift in Sources */ = {isa = PBXBuildFile; fileRef = 03DE95872604C51800FBAA4F /* Game.swift */; };
		03DE95912604E3B400FBAA4F /* FakeCoreDataStack.swift in Sources */ = {isa = PBXBuildFile; fileRef = 03DE95902604E3B400FBAA4F /* FakeCoreDataStack.swift */; };
		03E1F9C726453B8600DA870F /* Entities.swift in Sources */ = {isa = PBXBuildFile; fileRef = 03E1F9C626453B8600DA870F /* Entities.swift */; };
		03E1F9CB26457BAA00DA870F /* AthleticsManager.swift in Sources */ = {isa = PBXBuildFile; fileRef = 03E1F9CA26457BAA00DA870F /* AthleticsManager.swift */; };
		03E1F9D526457ED300DA870F /* SportsManager.swift in Sources */ = {isa = PBXBuildFile; fileRef = 03E1F9D426457ED300DA870F /* SportsManager.swift */; };
		03E1F9DB2645851100DA870F /* PerformancesManager.swift in Sources */ = {isa = PBXBuildFile; fileRef = 03E1F9DA2645851100DA870F /* PerformancesManager.swift */; };
		03E2E5D1265FDE4300C4A350 /* DetailsSportIcon.swift in Sources */ = {isa = PBXBuildFile; fileRef = 03E2E5D0265FDE4300C4A350 /* DetailsSportIcon.swift */; };
		03E6DB9F26650C8A00B92E30 /* EvolutionDatasContainer.swift in Sources */ = {isa = PBXBuildFile; fileRef = 03E6DB9E26650C8A00B92E30 /* EvolutionDatasContainer.swift */; };
		03E6DBA326651C6200B92E30 /* OptionalSet+getArray.swift in Sources */ = {isa = PBXBuildFile; fileRef = 03E6DBA226651C6200B92E30 /* OptionalSet+getArray.swift */; };
		03E6DBA726651CE200B92E30 /* OptionalDate+Unwrapped.swift in Sources */ = {isa = PBXBuildFile; fileRef = 03E6DBA626651CE200B92E30 /* OptionalDate+Unwrapped.swift */; };
		03EA46CB26661861006DCF15 /* OptionalString+int64.swift in Sources */ = {isa = PBXBuildFile; fileRef = 03EA46CA26661861006DCF15 /* OptionalString+int64.swift */; };
		03EA46CF26663313006DCF15 /* PerformancesContainer.swift in Sources */ = {isa = PBXBuildFile; fileRef = 03EA46CE26663313006DCF15 /* PerformancesContainer.swift */; };
		03EA46D426665784006DCF15 /* EvolutionTests.swift in Sources */ = {isa = PBXBuildFile; fileRef = 03EA46D326665784006DCF15 /* EvolutionTests.swift */; };
		03EA46DD26667635006DCF15 /* GameTestsHandler.swift in Sources */ = {isa = PBXBuildFile; fileRef = 03EA46DC26667635006DCF15 /* GameTestsHandler.swift */; };
		03F4720A2615FB8A002CE23D /* HomeView.swift in Sources */ = {isa = PBXBuildFile; fileRef = 03F472092615FB8A002CE23D /* HomeView.swift */; };
		03F787232631B8DC00735510 /* SportDetails.swift in Sources */ = {isa = PBXBuildFile; fileRef = 03F787222631B8DC00735510 /* SportDetails.swift */; };
/* End PBXBuildFile section */

/* Begin PBXContainerItemProxy section */
		034AB63B26010E600034C1E2 /* PBXContainerItemProxy */ = {
			isa = PBXContainerItemProxy;
			containerPortal = 034AB61926010E5B0034C1E2 /* Project object */;
			proxyType = 1;
			remoteGlobalIDString = 034AB62026010E5B0034C1E2;
			remoteInfo = Carrots;
		};
/* End PBXContainerItemProxy section */

/* Begin PBXFileReference section */
		03055E8A265D3C3700E1E12B /* PerformancesTests.swift */ = {isa = PBXFileReference; lastKnownFileType = sourcecode.swift; path = PerformancesTests.swift; sourceTree = "<group>"; };
		03055E90265D3CCB00E1E12B /* SportsTests.swift */ = {isa = PBXFileReference; lastKnownFileType = sourcecode.swift; path = SportsTests.swift; sourceTree = "<group>"; };
		03055E94265D3D0300E1E12B /* PotsTests.swift */ = {isa = PBXFileReference; lastKnownFileType = sourcecode.swift; path = PotsTests.swift; sourceTree = "<group>"; };
		03055E98265D3D3900E1E12B /* AthleticsTests.swift */ = {isa = PBXFileReference; lastKnownFileType = sourcecode.swift; path = AthleticsTests.swift; sourceTree = "<group>"; };
		03055E9C265D3D5B00E1E12B /* GameTests.swift */ = {isa = PBXFileReference; lastKnownFileType = sourcecode.swift; path = GameTests.swift; sourceTree = "<group>"; };
		03055EA2265D40B400E1E12B /* SettingsTests.swift */ = {isa = PBXFileReference; lastKnownFileType = sourcecode.swift; path = SettingsTests.swift; sourceTree = "<group>"; };
		030585E226395A03002015A7 /* DetailsText.swift */ = {isa = PBXFileReference; lastKnownFileType = sourcecode.swift; path = DetailsText.swift; sourceTree = "<group>"; };
		0305890726491F4C00AB6B28 /* PotsManager.swift */ = {isa = PBXFileReference; lastKnownFileType = sourcecode.swift; path = PotsManager.swift; sourceTree = "<group>"; };
		0307AE3E260A40CB007FBAA1 /* Pot.swift */ = {isa = PBXFileReference; lastKnownFileType = sourcecode.swift; path = Pot.swift; sourceTree = "<group>"; };
		030DB54B261352320054D140 /* Settings.swift */ = {isa = PBXFileReference; lastKnownFileType = sourcecode.swift; path = Settings.swift; sourceTree = "<group>"; };
		030EA01A26539D52006CA0A0 /* Date+SchemeDates.swift */ = {isa = PBXFileReference; lastKnownFileType = sourcecode.swift; path = "Date+SchemeDates.swift"; sourceTree = "<group>"; };
		030EA01E26540AF3006CA0A0 /* HelpView.swift */ = {isa = PBXFileReference; lastKnownFileType = sourcecode.swift; path = HelpView.swift; sourceTree = "<group>"; };
		03192E6D262ABE02000D572E /* UIColor+appColors.swift */ = {isa = PBXFileReference; lastKnownFileType = sourcecode.swift; path = "UIColor+appColors.swift"; sourceTree = "<group>"; };
		03264BD126203D58003F6429 /* Color+appColors.swift */ = {isa = PBXFileReference; lastKnownFileType = sourcecode.swift; path = "Color+appColors.swift"; sourceTree = "<group>"; };
		03264BD526203E3D003F6429 /* AthleticCell.swift */ = {isa = PBXFileReference; lastKnownFileType = sourcecode.swift; path = AthleticCell.swift; sourceTree = "<group>"; };
		03264BD926203E78003F6429 /* AthleticImage.swift */ = {isa = PBXFileReference; lastKnownFileType = sourcecode.swift; path = AthleticImage.swift; sourceTree = "<group>"; };
		03264BDD26203EB5003F6429 /* AthleticSettings.swift */ = {isa = PBXFileReference; lastKnownFileType = sourcecode.swift; path = AthleticSettings.swift; sourceTree = "<group>"; };
		03264BEE262056E4003F6429 /* SportsHome.swift */ = {isa = PBXFileReference; lastKnownFileType = sourcecode.swift; path = SportsHome.swift; sourceTree = "<group>"; };
		03264BF226208E22003F6429 /* SportCell.swift */ = {isa = PBXFileReference; lastKnownFileType = sourcecode.swift; path = SportCell.swift; sourceTree = "<group>"; };
		03264BF626208E36003F6429 /* SportIcon.swift */ = {isa = PBXFileReference; lastKnownFileType = sourcecode.swift; path = SportIcon.swift; sourceTree = "<group>"; };
		03264BFA26208E4C003F6429 /* SportSettings.swift */ = {isa = PBXFileReference; lastKnownFileType = sourcecode.swift; path = SportSettings.swift; sourceTree = "<group>"; };
		0327CDEA2657A74C0053B259 /* PotsWarning.swift */ = {isa = PBXFileReference; lastKnownFileType = sourcecode.swift; path = PotsWarning.swift; sourceTree = "<group>"; };
		032915C1265E5BEA0076729F /* CommonTestsSupport.swift */ = {isa = PBXFileReference; lastKnownFileType = sourcecode.swift; path = CommonTestsSupport.swift; sourceTree = "<group>"; };
		032AFA0E261756ED00D61E28 /* PotsHome.swift */ = {isa = PBXFileReference; lastKnownFileType = sourcecode.swift; path = PotsHome.swift; sourceTree = "<group>"; };
		032AFA2326175D0600D61E28 /* akaPosse.ttf */ = {isa = PBXFileReference; lastKnownFileType = file; path = akaPosse.ttf; sourceTree = "<group>"; };
		032AFA2D26175DA900D61E28 /* kirsty.otf */ = {isa = PBXFileReference; lastKnownFileType = file; path = kirsty.otf; sourceTree = "<group>"; };
		032AFA332617648800D61E28 /* AppList.swift */ = {isa = PBXFileReference; lastKnownFileType = sourcecode.swift; path = AppList.swift; sourceTree = "<group>"; };
		03324010264A68E000DA4E3A /* sportive.ttf */ = {isa = PBXFileReference; lastKnownFileType = file; path = sportive.ttf; sourceTree = "<group>"; };
		03342BC7262B1088002FE0BE /* SettingsCustomPicker.swift */ = {isa = PBXFileReference; lastKnownFileType = sourcecode.swift; path = SettingsCustomPicker.swift; sourceTree = "<group>"; };
		033503372638227600E2BD99 /* Performance.swift */ = {isa = PBXFileReference; lastKnownFileType = sourcecode.swift; path = Performance.swift; sourceTree = "<group>"; };
		0335034626384CDB00E2BD99 /* DetailsPerformancesDisplayer.swift */ = {isa = PBXFileReference; lastKnownFileType = sourcecode.swift; path = DetailsPerformancesDisplayer.swift; sourceTree = "<group>"; };
		034AB62126010E5B0034C1E2 /* Carrots.app */ = {isa = PBXFileReference; explicitFileType = wrapper.application; includeInIndex = 0; path = Carrots.app; sourceTree = BUILT_PRODUCTS_DIR; };
		034AB62426010E5B0034C1E2 /* AppDelegate.swift */ = {isa = PBXFileReference; lastKnownFileType = sourcecode.swift; path = AppDelegate.swift; sourceTree = "<group>"; };
		034AB62626010E5B0034C1E2 /* SceneDelegate.swift */ = {isa = PBXFileReference; lastKnownFileType = sourcecode.swift; path = SceneDelegate.swift; sourceTree = "<group>"; };
		034AB62B26010E5B0034C1E2 /* Carrots.xcdatamodel */ = {isa = PBXFileReference; lastKnownFileType = wrapper.xcdatamodel; path = Carrots.xcdatamodel; sourceTree = "<group>"; };
		034AB62D26010E5F0034C1E2 /* Assets.xcassets */ = {isa = PBXFileReference; lastKnownFileType = folder.assetcatalog; path = Assets.xcassets; sourceTree = "<group>"; };
		034AB63026010E5F0034C1E2 /* Preview Assets.xcassets */ = {isa = PBXFileReference; lastKnownFileType = folder.assetcatalog; path = "Preview Assets.xcassets"; sourceTree = "<group>"; };
		034AB63326010E5F0034C1E2 /* Base */ = {isa = PBXFileReference; lastKnownFileType = file.storyboard; name = Base; path = Base.lproj/LaunchScreen.storyboard; sourceTree = "<group>"; };
		034AB63526010E5F0034C1E2 /* Info.plist */ = {isa = PBXFileReference; lastKnownFileType = text.plist.xml; path = Info.plist; sourceTree = "<group>"; };
		034AB63A26010E600034C1E2 /* CarrotsTests.xctest */ = {isa = PBXFileReference; explicitFileType = wrapper.cfbundle; includeInIndex = 0; path = CarrotsTests.xctest; sourceTree = BUILT_PRODUCTS_DIR; };
		034AB64026010E600034C1E2 /* Info.plist */ = {isa = PBXFileReference; lastKnownFileType = text.plist.xml; path = Info.plist; sourceTree = "<group>"; };
		034C01C6262DBCD5000663AA /* SettingsAthleticImagePicker.swift */ = {isa = PBXFileReference; lastKnownFileType = sourcecode.swift; path = SettingsAthleticImagePicker.swift; sourceTree = "<group>"; };
		034C01CA262DBD93000663AA /* SettingsSportIconPicker.swift */ = {isa = PBXFileReference; lastKnownFileType = sourcecode.swift; path = SettingsSportIconPicker.swift; sourceTree = "<group>"; };
		034FC13B262EC71A0081ADB2 /* NavigationBarButton.swift */ = {isa = PBXFileReference; lastKnownFileType = sourcecode.swift; path = NavigationBarButton.swift; sourceTree = "<group>"; };
		034FC148262ECD6B0081ADB2 /* InDetailsPage.swift */ = {isa = PBXFileReference; fileEncoding = 4; lastKnownFileType = sourcecode.swift; path = InDetailsPage.swift; sourceTree = "<group>"; };
		034FC151262F13D20081ADB2 /* DetailsEvolutionGraph.swift */ = {isa = PBXFileReference; lastKnownFileType = sourcecode.swift; path = DetailsEvolutionGraph.swift; sourceTree = "<group>"; };
		03648EA3263BE6D5004EE0AA /* HomeTab.swift */ = {isa = PBXFileReference; lastKnownFileType = sourcecode.swift; path = HomeTab.swift; sourceTree = "<group>"; };
		03648EB3263C01E8004EE0AA /* InNavigationHome.swift */ = {isa = PBXFileReference; lastKnownFileType = sourcecode.swift; path = InNavigationHome.swift; sourceTree = "<group>"; };
		0366F873265666EA0070D4A0 /* fr */ = {isa = PBXFileReference; lastKnownFileType = text.plist.strings; name = fr; path = fr.lproj/LaunchScreen.strings; sourceTree = "<group>"; };
		0366F87C265667070070D4A0 /* en */ = {isa = PBXFileReference; lastKnownFileType = text.plist.strings; name = en; path = en.lproj/Localizable.strings; sourceTree = "<group>"; };
		0366F8802656670B0070D4A0 /* fr */ = {isa = PBXFileReference; lastKnownFileType = text.plist.strings; name = fr; path = fr.lproj/Localizable.strings; sourceTree = "<group>"; };
		0366F881265667900070D4A0 /* String+Localizable.swift */ = {isa = PBXFileReference; lastKnownFileType = sourcecode.swift; path = "String+Localizable.swift"; sourceTree = "<group>"; };
		0383212026088DEF003EE886 /* ApplicationErrors.swift */ = {isa = PBXFileReference; lastKnownFileType = sourcecode.swift; path = ApplicationErrors.swift; sourceTree = "<group>"; };
		0383212526088E0C003EE886 /* Error+userDescription.swift */ = {isa = PBXFileReference; lastKnownFileType = sourcecode.swift; path = "Error+userDescription.swift"; sourceTree = "<group>"; };
		03832129260899F3003EE886 /* Sport.swift */ = {isa = PBXFileReference; lastKnownFileType = sourcecode.swift; path = Sport.swift; sourceTree = "<group>"; };
		03B1DF9B262C8D5D00B590AC /* InSettingsPage.swift */ = {isa = PBXFileReference; lastKnownFileType = sourcecode.swift; path = InSettingsPage.swift; sourceTree = "<group>"; };
		03B1DFA0262C8DA000B590AC /* SettingsSportValue.swift */ = {isa = PBXFileReference; lastKnownFileType = sourcecode.swift; path = SettingsSportValue.swift; sourceTree = "<group>"; };
		03B1DFA5262C8DDB00B590AC /* PerformanceSettings.swift */ = {isa = PBXFileReference; lastKnownFileType = sourcecode.swift; path = PerformanceSettings.swift; sourceTree = "<group>"; };
		03B1DFA9262C8DF700B590AC /* CommonSpacers.swift */ = {isa = PBXFileReference; lastKnownFileType = sourcecode.swift; path = CommonSpacers.swift; sourceTree = "<group>"; };
		03B1DFAF262C8EE500B590AC /* CloseKeyboardOnTap.swift */ = {isa = PBXFileReference; lastKnownFileType = sourcecode.swift; path = CloseKeyboardOnTap.swift; sourceTree = "<group>"; };
		03B1DFB3262C933300B590AC /* SettingsTextfield.swift */ = {isa = PBXFileReference; lastKnownFileType = sourcecode.swift; path = SettingsTextfield.swift; sourceTree = "<group>"; };
		03BBF2612625CE3600D41B8B /* PerformancesHome.swift */ = {isa = PBXFileReference; lastKnownFileType = sourcecode.swift; path = PerformancesHome.swift; sourceTree = "<group>"; };
		03BBF2652625CFDC00D41B8B /* PerformanceCell.swift */ = {isa = PBXFileReference; lastKnownFileType = sourcecode.swift; path = PerformanceCell.swift; sourceTree = "<group>"; };
		03C5649E26302FD20056756A /* AthleticDetails.swift */ = {isa = PBXFileReference; lastKnownFileType = sourcecode.swift; path = AthleticDetails.swift; sourceTree = "<group>"; };
		03C564A226302FFC0056756A /* DetailsAthleticPicture.swift */ = {isa = PBXFileReference; lastKnownFileType = sourcecode.swift; path = DetailsAthleticPicture.swift; sourceTree = "<group>"; };
		03C564A62630301C0056756A /* DetailsDateDisplayer.swift */ = {isa = PBXFileReference; lastKnownFileType = sourcecode.swift; path = DetailsDateDisplayer.swift; sourceTree = "<group>"; };
		03CAE4662641259400C9309D /* InModule.swift */ = {isa = PBXFileReference; lastKnownFileType = sourcecode.swift; path = InModule.swift; sourceTree = "<group>"; };
		03CAE46F2641303600C9309D /* SettingsSegmentedPicker.swift */ = {isa = PBXFileReference; lastKnownFileType = sourcecode.swift; path = SettingsSegmentedPicker.swift; sourceTree = "<group>"; };
		03CAE473264133F400C9309D /* SettingsDatePicker.swift */ = {isa = PBXFileReference; lastKnownFileType = sourcecode.swift; path = SettingsDatePicker.swift; sourceTree = "<group>"; };
		03CAE49026417F4F00C9309D /* GameViewModel.swift */ = {isa = PBXFileReference; lastKnownFileType = sourcecode.swift; path = GameViewModel.swift; sourceTree = "<group>"; };
		03CE0748262D75260054BDC0 /* SettingsCustomToggle.swift */ = {isa = PBXFileReference; lastKnownFileType = sourcecode.swift; path = SettingsCustomToggle.swift; sourceTree = "<group>"; };
		03CE074C262D75C10054BDC0 /* UIFont+appFonts.swift */ = {isa = PBXFileReference; lastKnownFileType = sourcecode.swift; path = "UIFont+appFonts.swift"; sourceTree = "<group>"; };
		03D3C7B9260C7B1400DDA29F /* Athletic.swift */ = {isa = PBXFileReference; lastKnownFileType = sourcecode.swift; path = Athletic.swift; sourceTree = "<group>"; };
		03D3C7BD260C7B2B00DDA29F /* Int16+enumConversion.swift */ = {isa = PBXFileReference; lastKnownFileType = sourcecode.swift; name = "Int16+enumConversion.swift"; path = "Carrots/Model/Int16+enumConversion.swift"; sourceTree = SOURCE_ROOT; };
		03DABD882652986A00746B6E /* EvolutionDatasManager.swift */ = {isa = PBXFileReference; lastKnownFileType = sourcecode.swift; path = EvolutionDatasManager.swift; sourceTree = "<group>"; };
		03DD81F1261EFFCE0028A0A5 /* ViewCommonSettings.swift */ = {isa = PBXFileReference; lastKnownFileType = sourcecode.swift; path = ViewCommonSettings.swift; sourceTree = "<group>"; };
		03DD81F6261F000B0028A0A5 /* WithBackground.swift */ = {isa = PBXFileReference; lastKnownFileType = sourcecode.swift; path = WithBackground.swift; sourceTree = "<group>"; };
		03DD81FE261F00520028A0A5 /* InRectangle.swift */ = {isa = PBXFileReference; lastKnownFileType = sourcecode.swift; path = InRectangle.swift; sourceTree = "<group>"; };
		03DD8202261F00620028A0A5 /* Fonts.swift */ = {isa = PBXFileReference; lastKnownFileType = sourcecode.swift; path = Fonts.swift; sourceTree = "<group>"; };
		03DD820B261F01190028A0A5 /* InNavigationPage.swift */ = {isa = PBXFileReference; lastKnownFileType = sourcecode.swift; path = InNavigationPage.swift; sourceTree = "<group>"; };
		03DD8211261F013C0028A0A5 /* GeneralSettings.swift */ = {isa = PBXFileReference; lastKnownFileType = sourcecode.swift; path = GeneralSettings.swift; sourceTree = "<group>"; };
		03DD8215261F01620028A0A5 /* PotCell.swift */ = {isa = PBXFileReference; lastKnownFileType = sourcecode.swift; path = PotCell.swift; sourceTree = "<group>"; };
		03DD8219261F01870028A0A5 /* InNavigationLink.swift */ = {isa = PBXFileReference; lastKnownFileType = sourcecode.swift; path = InNavigationLink.swift; sourceTree = "<group>"; };
		03DD8221261F01D60028A0A5 /* PotAddings.swift */ = {isa = PBXFileReference; lastKnownFileType = sourcecode.swift; path = PotAddings.swift; sourceTree = "<group>"; };
		03DD8225261F0A540028A0A5 /* InButton.swift */ = {isa = PBXFileReference; lastKnownFileType = sourcecode.swift; path = InButton.swift; sourceTree = "<group>"; };
		03DD822A261F23960028A0A5 /* AthleticsHome.swift */ = {isa = PBXFileReference; lastKnownFileType = sourcecode.swift; path = AthleticsHome.swift; sourceTree = "<group>"; };
		03DE95832604C4CF00FBAA4F /* CoreDataStack.swift */ = {isa = PBXFileReference; lastKnownFileType = sourcecode.swift; path = CoreDataStack.swift; sourceTree = "<group>"; };
		03DE95872604C51800FBAA4F /* Game.swift */ = {isa = PBXFileReference; lastKnownFileType = sourcecode.swift; path = Game.swift; sourceTree = "<group>"; };
		03DE95902604E3B400FBAA4F /* FakeCoreDataStack.swift */ = {isa = PBXFileReference; lastKnownFileType = sourcecode.swift; path = FakeCoreDataStack.swift; sourceTree = "<group>"; };
		03E1F9C626453B8600DA870F /* Entities.swift */ = {isa = PBXFileReference; lastKnownFileType = sourcecode.swift; path = Entities.swift; sourceTree = "<group>"; };
		03E1F9CA26457BAA00DA870F /* AthleticsManager.swift */ = {isa = PBXFileReference; lastKnownFileType = sourcecode.swift; path = AthleticsManager.swift; sourceTree = "<group>"; };
		03E1F9D426457ED300DA870F /* SportsManager.swift */ = {isa = PBXFileReference; lastKnownFileType = sourcecode.swift; path = SportsManager.swift; sourceTree = "<group>"; };
		03E1F9DA2645851100DA870F /* PerformancesManager.swift */ = {isa = PBXFileReference; lastKnownFileType = sourcecode.swift; path = PerformancesManager.swift; sourceTree = "<group>"; };
		03E2E5D0265FDE4300C4A350 /* DetailsSportIcon.swift */ = {isa = PBXFileReference; lastKnownFileType = sourcecode.swift; path = DetailsSportIcon.swift; sourceTree = "<group>"; };
		03E6DB9E26650C8A00B92E30 /* EvolutionDatasContainer.swift */ = {isa = PBXFileReference; lastKnownFileType = sourcecode.swift; path = EvolutionDatasContainer.swift; sourceTree = "<group>"; };
		03E6DBA226651C6200B92E30 /* OptionalSet+getArray.swift */ = {isa = PBXFileReference; lastKnownFileType = sourcecode.swift; path = "OptionalSet+getArray.swift"; sourceTree = "<group>"; };
		03E6DBA626651CE200B92E30 /* OptionalDate+Unwrapped.swift */ = {isa = PBXFileReference; lastKnownFileType = sourcecode.swift; path = "OptionalDate+Unwrapped.swift"; sourceTree = "<group>"; };
		03EA46CA26661861006DCF15 /* OptionalString+int64.swift */ = {isa = PBXFileReference; lastKnownFileType = sourcecode.swift; path = "OptionalString+int64.swift"; sourceTree = "<group>"; };
		03EA46CE26663313006DCF15 /* PerformancesContainer.swift */ = {isa = PBXFileReference; lastKnownFileType = sourcecode.swift; path = PerformancesContainer.swift; sourceTree = "<group>"; };
		03EA46D326665784006DCF15 /* EvolutionTests.swift */ = {isa = PBXFileReference; lastKnownFileType = sourcecode.swift; path = EvolutionTests.swift; sourceTree = "<group>"; };
		03EA46DC26667635006DCF15 /* GameTestsHandler.swift */ = {isa = PBXFileReference; lastKnownFileType = sourcecode.swift; path = GameTestsHandler.swift; sourceTree = "<group>"; };
		03F472092615FB8A002CE23D /* HomeView.swift */ = {isa = PBXFileReference; lastKnownFileType = sourcecode.swift; path = HomeView.swift; sourceTree = "<group>"; };
		03F787222631B8DC00735510 /* SportDetails.swift */ = {isa = PBXFileReference; lastKnownFileType = sourcecode.swift; path = SportDetails.swift; sourceTree = "<group>"; };
/* End PBXFileReference section */

/* Begin PBXFrameworksBuildPhase section */
		034AB61E26010E5B0034C1E2 /* Frameworks */ = {
			isa = PBXFrameworksBuildPhase;
			buildActionMask = 2147483647;
			files = (
			);
			runOnlyForDeploymentPostprocessing = 0;
		};
		034AB63726010E600034C1E2 /* Frameworks */ = {
			isa = PBXFrameworksBuildPhase;
			buildActionMask = 2147483647;
			files = (
			);
			runOnlyForDeploymentPostprocessing = 0;
		};
/* End PBXFrameworksBuildPhase section */

/* Begin PBXGroup section */
		03055E83265D3BD600E1E12B /* Support */ = {
			isa = PBXGroup;
			children = (
				03055EA2265D40B400E1E12B /* SettingsTests.swift */,
			);
			path = Support;
			sourceTree = "<group>";
		};
		03055E84265D3BE200E1E12B /* Game */ = {
			isa = PBXGroup;
			children = (
				03055E9C265D3D5B00E1E12B /* GameTests.swift */,
			);
			path = Game;
			sourceTree = "<group>";
		};
		03055E86265D3BF600E1E12B /* Athletics */ = {
			isa = PBXGroup;
			children = (
				03055E98265D3D3900E1E12B /* AthleticsTests.swift */,
			);
			path = Athletics;
			sourceTree = "<group>";
		};
		03055E87265D3BFA00E1E12B /* Pots */ = {
			isa = PBXGroup;
			children = (
				03055E94265D3D0300E1E12B /* PotsTests.swift */,
			);
			path = Pots;
			sourceTree = "<group>";
		};
		03055E88265D3BFE00E1E12B /* Sports */ = {
			isa = PBXGroup;
			children = (
				03055E90265D3CCB00E1E12B /* SportsTests.swift */,
			);
			path = Sports;
			sourceTree = "<group>";
		};
		03055E89265D3C0100E1E12B /* Performances */ = {
			isa = PBXGroup;
			children = (
				03055E8A265D3C3700E1E12B /* PerformancesTests.swift */,
			);
			path = Performances;
			sourceTree = "<group>";
		};
		030585F026395C28002015A7 /* Create page */ = {
			isa = PBXGroup;
			children = (
				03CAE46A2641291000C9309D /* Common */,
				034FC147262ECD6B0081ADB2 /* Details Page */,
				03B1DF97262C8D2800B590AC /* Settings Page */,
			);
			path = "Create page";
			sourceTree = "<group>";
		};
		030585F226395CA6002015A7 /* ViewModifier */ = {
			isa = PBXGroup;
			children = (
				03B1DF9B262C8D5D00B590AC /* InSettingsPage.swift */,
			);
			path = ViewModifier;
			sourceTree = "<group>";
		};
		030585F326395CAC002015A7 /* Modules */ = {
			isa = PBXGroup;
			children = (
				03342BC7262B1088002FE0BE /* SettingsCustomPicker.swift */,
				03B1DFA0262C8DA000B590AC /* SettingsSportValue.swift */,
				03B1DFB3262C933300B590AC /* SettingsTextfield.swift */,
				03CE0748262D75260054BDC0 /* SettingsCustomToggle.swift */,
				034C01C6262DBCD5000663AA /* SettingsAthleticImagePicker.swift */,
				034C01CA262DBD93000663AA /* SettingsSportIconPicker.swift */,
				03CAE46F2641303600C9309D /* SettingsSegmentedPicker.swift */,
				03CAE473264133F400C9309D /* SettingsDatePicker.swift */,
			);
			path = Modules;
			sourceTree = "<group>";
		};
		030585F426395CDA002015A7 /* Modules */ = {
			isa = PBXGroup;
			children = (
				0335034626384CDB00E2BD99 /* DetailsPerformancesDisplayer.swift */,
				03C564A62630301C0056756A /* DetailsDateDisplayer.swift */,
				03C564A226302FFC0056756A /* DetailsAthleticPicture.swift */,
				034FC151262F13D20081ADB2 /* DetailsEvolutionGraph.swift */,
				030585E226395A03002015A7 /* DetailsText.swift */,
				03E2E5D0265FDE4300C4A350 /* DetailsSportIcon.swift */,
			);
			path = Modules;
			sourceTree = "<group>";
		};
		030585F526395CE1002015A7 /* ViewModifier */ = {
			isa = PBXGroup;
			children = (
				034FC148262ECD6B0081ADB2 /* InDetailsPage.swift */,
			);
			path = ViewModifier;
			sourceTree = "<group>";
		};
		030585FA263960E7002015A7 /* Pages */ = {
			isa = PBXGroup;
			children = (
				0366F85A26565D200070D4A0 /* General Settings */,
				03DD8208261F00B40028A0A5 /* Pots */,
				03DD8229261F23860028A0A5 /* Athletics */,
				03264BE7262055E2003F6429 /* Sports */,
				033E942F262098C20051B6A7 /* Performances */,
			);
			path = Pages;
			sourceTree = "<group>";
		};
		03264BE7262055E2003F6429 /* Sports */ = {
			isa = PBXGroup;
			children = (
				03264BEE262056E4003F6429 /* SportsHome.swift */,
				03F787222631B8DC00735510 /* SportDetails.swift */,
				03264BFA26208E4C003F6429 /* SportSettings.swift */,
				03264BF626208E36003F6429 /* SportIcon.swift */,
				03264BF226208E22003F6429 /* SportCell.swift */,
			);
			path = Sports;
			sourceTree = "<group>";
		};
		03264BEC2620563C003F6429 /* Fonts */ = {
			isa = PBXGroup;
			children = (
				032AFA2D26175DA900D61E28 /* kirsty.otf */,
				032AFA2326175D0600D61E28 /* akaPosse.ttf */,
				03324010264A68E000DA4E3A /* sportive.ttf */,
			);
			path = Fonts;
			sourceTree = "<group>";
		};
		032915C0265E5BCD0076729F /* Tests supporting files */ = {
			isa = PBXGroup;
			children = (
				03DE95902604E3B400FBAA4F /* FakeCoreDataStack.swift */,
				032915C1265E5BEA0076729F /* CommonTestsSupport.swift */,
				03EA46DC26667635006DCF15 /* GameTestsHandler.swift */,
			);
			path = "Tests supporting files";
			sourceTree = "<group>";
		};
		0335033B2638461000E2BD99 /* ViewModel */ = {
			isa = PBXGroup;
			children = (
				03CAE49026417F4F00C9309D /* GameViewModel.swift */,
			);
			path = ViewModel;
			sourceTree = "<group>";
		};
		033E942F262098C20051B6A7 /* Performances */ = {
			isa = PBXGroup;
			children = (
				03BBF2612625CE3600D41B8B /* PerformancesHome.swift */,
				03BBF2652625CFDC00D41B8B /* PerformanceCell.swift */,
				03B1DFA5262C8DDB00B590AC /* PerformanceSettings.swift */,
			);
			path = Performances;
			sourceTree = "<group>";
		};
		034AB61826010E5B0034C1E2 = {
			isa = PBXGroup;
			children = (
				034AB62326010E5B0034C1E2 /* Carrots */,
				034AB63D26010E600034C1E2 /* CarrotsTests */,
				034AB62226010E5B0034C1E2 /* Products */,
			);
			sourceTree = "<group>";
		};
		034AB62226010E5B0034C1E2 /* Products */ = {
			isa = PBXGroup;
			children = (
				034AB62126010E5B0034C1E2 /* Carrots.app */,
				034AB63A26010E600034C1E2 /* CarrotsTests.xctest */,
			);
			name = Products;
			sourceTree = "<group>";
		};
		034AB62326010E5B0034C1E2 /* Carrots */ = {
			isa = PBXGroup;
			children = (
				0366F870265666C60070D4A0 /* Localizable */,
				0335033B2638461000E2BD99 /* ViewModel */,
				03F472082615FB66002CE23D /* View */,
				0383212426088DFE003EE886 /* Extensions */,
				03DE95752604BF9A00FBAA4F /* Model */,
				034AB66926010EE50034C1E2 /* CoreData */,
				034AB66826010ED10034C1E2 /* Launchscreen */,
				034AB65D26010EA00034C1E2 /* Supporting files */,
				034AB62F26010E5F0034C1E2 /* Preview Content */,
			);
			path = Carrots;
			sourceTree = "<group>";
		};
		034AB62F26010E5F0034C1E2 /* Preview Content */ = {
			isa = PBXGroup;
			children = (
				034AB63026010E5F0034C1E2 /* Preview Assets.xcassets */,
			);
			path = "Preview Content";
			sourceTree = "<group>";
		};
		034AB63D26010E600034C1E2 /* CarrotsTests */ = {
			isa = PBXGroup;
			children = (
				03EA46D926665806006DCF15 /* Tests */,
				032915C0265E5BCD0076729F /* Tests supporting files */,
				034AB64026010E600034C1E2 /* Info.plist */,
			);
			path = CarrotsTests;
			sourceTree = "<group>";
		};
		034AB65D26010EA00034C1E2 /* Supporting files */ = {
			isa = PBXGroup;
			children = (
				03264BEC2620563C003F6429 /* Fonts */,
				034AB62D26010E5F0034C1E2 /* Assets.xcassets */,
				034AB62626010E5B0034C1E2 /* SceneDelegate.swift */,
				034AB62426010E5B0034C1E2 /* AppDelegate.swift */,
				034AB63526010E5F0034C1E2 /* Info.plist */,
			);
			path = "Supporting files";
			sourceTree = "<group>";
		};
		034AB66826010ED10034C1E2 /* Launchscreen */ = {
			isa = PBXGroup;
			children = (
				034AB63226010E5F0034C1E2 /* LaunchScreen.storyboard */,
			);
			path = Launchscreen;
			sourceTree = "<group>";
		};
		034AB66926010EE50034C1E2 /* CoreData */ = {
			isa = PBXGroup;
			children = (
				03DE95832604C4CF00FBAA4F /* CoreDataStack.swift */,
				03E1F9C626453B8600DA870F /* Entities.swift */,
				034AB62A26010E5B0034C1E2 /* Carrots.xcdatamodeld */,
			);
			path = CoreData;
			sourceTree = "<group>";
		};
		034FC12F262EC62A0081ADB2 /* Common */ = {
			isa = PBXGroup;
			children = (
				03DD820A261F00E10028A0A5 /* Settings */,
				030585F026395C28002015A7 /* Create page */,
				034FC138262EC6B10081ADB2 /* Navigation */,
				03DD81F5261EFFF70028A0A5 /* ViewModifiers */,
				03DD8209261F00C60028A0A5 /* Supporting views */,
			);
			path = Common;
			sourceTree = "<group>";
		};
		034FC138262EC6B10081ADB2 /* Navigation */ = {
			isa = PBXGroup;
			children = (
				03DD8219261F01870028A0A5 /* InNavigationLink.swift */,
				03DD820B261F01190028A0A5 /* InNavigationPage.swift */,
				03648EB3263C01E8004EE0AA /* InNavigationHome.swift */,
				034FC13B262EC71A0081ADB2 /* NavigationBarButton.swift */,
			);
			path = Navigation;
			sourceTree = "<group>";
		};
		034FC147262ECD6B0081ADB2 /* Details Page */ = {
			isa = PBXGroup;
			children = (
				030585F526395CE1002015A7 /* ViewModifier */,
				030585F426395CDA002015A7 /* Modules */,
			);
			path = "Details Page";
			sourceTree = "<group>";
		};
		0366F85A26565D200070D4A0 /* General Settings */ = {
			isa = PBXGroup;
			children = (
				03DD8211261F013C0028A0A5 /* GeneralSettings.swift */,
			);
			path = "General Settings";
			sourceTree = "<group>";
		};
		0366F870265666C60070D4A0 /* Localizable */ = {
			isa = PBXGroup;
			children = (
				0366F87D265667070070D4A0 /* Localizable.strings */,
			);
			path = Localizable;
			sourceTree = "<group>";
		};
		0383212426088DFE003EE886 /* Extensions */ = {
			isa = PBXGroup;
			children = (
				0383212526088E0C003EE886 /* Error+userDescription.swift */,
				03D3C7BD260C7B2B00DDA29F /* Int16+enumConversion.swift */,
				03264BD126203D58003F6429 /* Color+appColors.swift */,
				03192E6D262ABE02000D572E /* UIColor+appColors.swift */,
				03CE074C262D75C10054BDC0 /* UIFont+appFonts.swift */,
				030EA01A26539D52006CA0A0 /* Date+SchemeDates.swift */,
				0366F881265667900070D4A0 /* String+Localizable.swift */,
				03E6DBA226651C6200B92E30 /* OptionalSet+getArray.swift */,
				03E6DBA626651CE200B92E30 /* OptionalDate+Unwrapped.swift */,
				03EA46CA26661861006DCF15 /* OptionalString+int64.swift */,
			);
			path = Extensions;
			sourceTree = "<group>";
		};
		03B1DF97262C8D2800B590AC /* Settings Page */ = {
			isa = PBXGroup;
			children = (
				030585F226395CA6002015A7 /* ViewModifier */,
				030585F326395CAC002015A7 /* Modules */,
			);
			path = "Settings Page";
			sourceTree = "<group>";
		};
		03CAE46A2641291000C9309D /* Common */ = {
			isa = PBXGroup;
			children = (
				03CAE4662641259400C9309D /* InModule.swift */,
			);
			path = Common;
			sourceTree = "<group>";
		};
		03DABD8C2652A4DB00746B6E /* EvolutionDatasManager */ = {
			isa = PBXGroup;
			children = (
				03DABD882652986A00746B6E /* EvolutionDatasManager.swift */,
				03E6DB9E26650C8A00B92E30 /* EvolutionDatasContainer.swift */,
			);
			path = EvolutionDatasManager;
			sourceTree = "<group>";
		};
		03DD81F5261EFFF70028A0A5 /* ViewModifiers */ = {
			isa = PBXGroup;
			children = (
				03DD81F6261F000B0028A0A5 /* WithBackground.swift */,
				03DD81FE261F00520028A0A5 /* InRectangle.swift */,
				03DD8202261F00620028A0A5 /* Fonts.swift */,
				03DD8225261F0A540028A0A5 /* InButton.swift */,
				03B1DFAF262C8EE500B590AC /* CloseKeyboardOnTap.swift */,
			);
			path = ViewModifiers;
			sourceTree = "<group>";
		};
		03DD8206261F00AB0028A0A5 /* Home */ = {
			isa = PBXGroup;
			children = (
				03F472092615FB8A002CE23D /* HomeView.swift */,
				03648EA3263BE6D5004EE0AA /* HomeTab.swift */,
			);
			path = Home;
			sourceTree = "<group>";
		};
		03DD8208261F00B40028A0A5 /* Pots */ = {
			isa = PBXGroup;
			children = (
				032AFA0E261756ED00D61E28 /* PotsHome.swift */,
				0327CDEA2657A74C0053B259 /* PotsWarning.swift */,
				03DD8221261F01D60028A0A5 /* PotAddings.swift */,
				03DD8215261F01620028A0A5 /* PotCell.swift */,
			);
			path = Pots;
			sourceTree = "<group>";
		};
		03DD8209261F00C60028A0A5 /* Supporting views */ = {
			isa = PBXGroup;
			children = (
				032AFA332617648800D61E28 /* AppList.swift */,
				030EA01E26540AF3006CA0A0 /* HelpView.swift */,
				03B1DFA9262C8DF700B590AC /* CommonSpacers.swift */,
			);
			path = "Supporting views";
			sourceTree = "<group>";
		};
		03DD820A261F00E10028A0A5 /* Settings */ = {
			isa = PBXGroup;
			children = (
				03DD81F1261EFFCE0028A0A5 /* ViewCommonSettings.swift */,
			);
			path = Settings;
			sourceTree = "<group>";
		};
		03DD8229261F23860028A0A5 /* Athletics */ = {
			isa = PBXGroup;
			children = (
				03DD822A261F23960028A0A5 /* AthleticsHome.swift */,
				03C5649E26302FD20056756A /* AthleticDetails.swift */,
				03264BDD26203EB5003F6429 /* AthleticSettings.swift */,
				03264BD926203E78003F6429 /* AthleticImage.swift */,
				03264BD526203E3D003F6429 /* AthleticCell.swift */,
			);
			path = Athletics;
			sourceTree = "<group>";
		};
		03DE95752604BF9A00FBAA4F /* Model */ = {
			isa = PBXGroup;
			children = (
				03E1F9D226457E8400DA870F /* Game */,
				03E1F9D326457E8700DA870F /* Support */,
				03DABD8C2652A4DB00746B6E /* EvolutionDatasManager */,
				03E1F9D126457E7F00DA870F /* Athletics */,
				03E1F9D026457E7C00DA870F /* Pots */,
				03E1F9CF26457E7800DA870F /* Sports */,
				03E1F9CE26457E7100DA870F /* Performances */,
			);
			path = Model;
			sourceTree = "<group>";
		};
		03E1F9CE26457E7100DA870F /* Performances */ = {
			isa = PBXGroup;
			children = (
				033503372638227600E2BD99 /* Performance.swift */,
				03E1F9DA2645851100DA870F /* PerformancesManager.swift */,
				03EA46CE26663313006DCF15 /* PerformancesContainer.swift */,
			);
			path = Performances;
			sourceTree = "<group>";
		};
		03E1F9CF26457E7800DA870F /* Sports */ = {
			isa = PBXGroup;
			children = (
				03832129260899F3003EE886 /* Sport.swift */,
				03E1F9D426457ED300DA870F /* SportsManager.swift */,
			);
			path = Sports;
			sourceTree = "<group>";
		};
		03E1F9D026457E7C00DA870F /* Pots */ = {
			isa = PBXGroup;
			children = (
				0307AE3E260A40CB007FBAA1 /* Pot.swift */,
				0305890726491F4C00AB6B28 /* PotsManager.swift */,
			);
			path = Pots;
			sourceTree = "<group>";
		};
		03E1F9D126457E7F00DA870F /* Athletics */ = {
			isa = PBXGroup;
			children = (
				03D3C7B9260C7B1400DDA29F /* Athletic.swift */,
				03E1F9CA26457BAA00DA870F /* AthleticsManager.swift */,
			);
			path = Athletics;
			sourceTree = "<group>";
		};
		03E1F9D226457E8400DA870F /* Game */ = {
			isa = PBXGroup;
			children = (
				03DE95872604C51800FBAA4F /* Game.swift */,
			);
			path = Game;
			sourceTree = "<group>";
		};
		03E1F9D326457E8700DA870F /* Support */ = {
			isa = PBXGroup;
			children = (
				030DB54B261352320054D140 /* Settings.swift */,
				0383212026088DEF003EE886 /* ApplicationErrors.swift */,
			);
			path = Support;
			sourceTree = "<group>";
		};
		03EA46D226665772006DCF15 /* Evolution */ = {
			isa = PBXGroup;
			children = (
				03EA46D326665784006DCF15 /* EvolutionTests.swift */,
			);
			path = Evolution;
			sourceTree = "<group>";
		};
		03EA46D926665806006DCF15 /* Tests */ = {
			isa = PBXGroup;
			children = (
				03055E84265D3BE200E1E12B /* Game */,
				03055E83265D3BD600E1E12B /* Support */,
				03055E87265D3BFA00E1E12B /* Pots */,
				03055E86265D3BF600E1E12B /* Athletics */,
				03055E88265D3BFE00E1E12B /* Sports */,
				03055E89265D3C0100E1E12B /* Performances */,
				03EA46D226665772006DCF15 /* Evolution */,
			);
			path = Tests;
			sourceTree = "<group>";
		};
		03F472082615FB66002CE23D /* View */ = {
			isa = PBXGroup;
			children = (
				03DD8206261F00AB0028A0A5 /* Home */,
				034FC12F262EC62A0081ADB2 /* Common */,
				030585FA263960E7002015A7 /* Pages */,
			);
			path = View;
			sourceTree = "<group>";
		};
/* End PBXGroup section */

/* Begin PBXNativeTarget section */
		034AB62026010E5B0034C1E2 /* Carrots */ = {
			isa = PBXNativeTarget;
			buildConfigurationList = 034AB64E26010E600034C1E2 /* Build configuration list for PBXNativeTarget "Carrots" */;
			buildPhases = (
				034AB61D26010E5B0034C1E2 /* Sources */,
				034AB61E26010E5B0034C1E2 /* Frameworks */,
				034AB61F26010E5B0034C1E2 /* Resources */,
			);
			buildRules = (
			);
			dependencies = (
			);
			name = Carrots;
			productName = Carrots;
			productReference = 034AB62126010E5B0034C1E2 /* Carrots.app */;
			productType = "com.apple.product-type.application";
		};
		034AB63926010E600034C1E2 /* CarrotsTests */ = {
			isa = PBXNativeTarget;
			buildConfigurationList = 034AB65126010E600034C1E2 /* Build configuration list for PBXNativeTarget "CarrotsTests" */;
			buildPhases = (
				034AB63626010E600034C1E2 /* Sources */,
				034AB63726010E600034C1E2 /* Frameworks */,
				034AB63826010E600034C1E2 /* Resources */,
			);
			buildRules = (
			);
			dependencies = (
				034AB63C26010E600034C1E2 /* PBXTargetDependency */,
			);
			name = CarrotsTests;
			productName = CarrotsTests;
			productReference = 034AB63A26010E600034C1E2 /* CarrotsTests.xctest */;
			productType = "com.apple.product-type.bundle.unit-test";
		};
/* End PBXNativeTarget section */

/* Begin PBXProject section */
		034AB61926010E5B0034C1E2 /* Project object */ = {
			isa = PBXProject;
			attributes = {
				LastSwiftUpdateCheck = 1240;
				LastUpgradeCheck = 1240;
				TargetAttributes = {
					034AB62026010E5B0034C1E2 = {
						CreatedOnToolsVersion = 12.4;
					};
					034AB63926010E600034C1E2 = {
						CreatedOnToolsVersion = 12.4;
						TestTargetID = 034AB62026010E5B0034C1E2;
					};
				};
			};
			buildConfigurationList = 034AB61C26010E5B0034C1E2 /* Build configuration list for PBXProject "Carrots" */;
			compatibilityVersion = "Xcode 9.3";
			developmentRegion = en;
			hasScannedForEncodings = 0;
			knownRegions = (
				en,
				Base,
				fr,
			);
			mainGroup = 034AB61826010E5B0034C1E2;
			productRefGroup = 034AB62226010E5B0034C1E2 /* Products */;
			projectDirPath = "";
			projectRoot = "";
			targets = (
				034AB62026010E5B0034C1E2 /* Carrots */,
				034AB63926010E600034C1E2 /* CarrotsTests */,
			);
		};
/* End PBXProject section */

/* Begin PBXResourcesBuildPhase section */
		034AB61F26010E5B0034C1E2 /* Resources */ = {
			isa = PBXResourcesBuildPhase;
			buildActionMask = 2147483647;
			files = (
				032AFA2E26175DA900D61E28 /* kirsty.otf in Resources */,
				034AB63426010E5F0034C1E2 /* LaunchScreen.storyboard in Resources */,
				034AB63126010E5F0034C1E2 /* Preview Assets.xcassets in Resources */,
				032AFA2426175D0600D61E28 /* akaPosse.ttf in Resources */,
				034AB62E26010E5F0034C1E2 /* Assets.xcassets in Resources */,
				0366F87B265667070070D4A0 /* Localizable.strings in Resources */,
				03324011264A68E000DA4E3A /* sportive.ttf in Resources */,
			);
			runOnlyForDeploymentPostprocessing = 0;
		};
		034AB63826010E600034C1E2 /* Resources */ = {
			isa = PBXResourcesBuildPhase;
			buildActionMask = 2147483647;
			files = (
			);
			runOnlyForDeploymentPostprocessing = 0;
		};
/* End PBXResourcesBuildPhase section */

/* Begin PBXSourcesBuildPhase section */
		034AB61D26010E5B0034C1E2 /* Sources */ = {
			isa = PBXSourcesBuildPhase;
			buildActionMask = 2147483647;
			files = (
				03B1DFAA262C8DF700B590AC /* CommonSpacers.swift in Sources */,
				03B1DFA1262C8DA000B590AC /* SettingsSportValue.swift in Sources */,
				03DD81F2261EFFCE0028A0A5 /* ViewCommonSettings.swift in Sources */,
				03264BF326208E23003F6429 /* SportCell.swift in Sources */,
				032AFA342617648800D61E28 /* AppList.swift in Sources */,
				03DD81F7261F000B0028A0A5 /* WithBackground.swift in Sources */,
				030585E326395A03002015A7 /* DetailsText.swift in Sources */,
				034AB62526010E5B0034C1E2 /* AppDelegate.swift in Sources */,
				03E6DBA326651C6200B92E30 /* OptionalSet+getArray.swift in Sources */,
				03B1DFA6262C8DDB00B590AC /* PerformanceSettings.swift in Sources */,
				03264BD626203E3D003F6429 /* AthleticCell.swift in Sources */,
				03D3C7BE260C7B2B00DDA29F /* Int16+enumConversion.swift in Sources */,
				03CE0749262D75260054BDC0 /* SettingsCustomToggle.swift in Sources */,
				030DB54C261352320054D140 /* Settings.swift in Sources */,
				03EA46CF26663313006DCF15 /* PerformancesContainer.swift in Sources */,
				03B1DF9C262C8D5D00B590AC /* InSettingsPage.swift in Sources */,
				03F4720A2615FB8A002CE23D /* HomeView.swift in Sources */,
				030EA01B26539D52006CA0A0 /* Date+SchemeDates.swift in Sources */,
				03E1F9CB26457BAA00DA870F /* AthleticsManager.swift in Sources */,
				03DD822B261F23960028A0A5 /* AthleticsHome.swift in Sources */,
				03B1DFB0262C8EE500B590AC /* CloseKeyboardOnTap.swift in Sources */,
				03DD81FF261F00520028A0A5 /* InRectangle.swift in Sources */,
				0383212A260899F3003EE886 /* Sport.swift in Sources */,
				03EA46CB26661861006DCF15 /* OptionalString+int64.swift in Sources */,
				03DE95882604C51800FBAA4F /* Game.swift in Sources */,
				034C01CB262DBD93000663AA /* SettingsSportIconPicker.swift in Sources */,
				0327CDEB2657A74C0053B259 /* PotsWarning.swift in Sources */,
				034C01C7262DBCD5000663AA /* SettingsAthleticImagePicker.swift in Sources */,
				03E6DB9F26650C8A00B92E30 /* EvolutionDatasContainer.swift in Sources */,
				0366F882265667900070D4A0 /* String+Localizable.swift in Sources */,
				034AB62726010E5B0034C1E2 /* SceneDelegate.swift in Sources */,
				03B1DFB4262C933300B590AC /* SettingsTextfield.swift in Sources */,
				03E6DBA726651CE200B92E30 /* OptionalDate+Unwrapped.swift in Sources */,
				03CAE49126417F4F00C9309D /* GameViewModel.swift in Sources */,
				0307AE3F260A40CB007FBAA1 /* Pot.swift in Sources */,
				03DD8203261F00620028A0A5 /* Fonts.swift in Sources */,
				033503382638227600E2BD99 /* Performance.swift in Sources */,
				03264BDA26203E78003F6429 /* AthleticImage.swift in Sources */,
				03648EB4263C01E8004EE0AA /* InNavigationHome.swift in Sources */,
				03E1F9C726453B8600DA870F /* Entities.swift in Sources */,
				03342BC8262B1088002FE0BE /* SettingsCustomPicker.swift in Sources */,
				03264BFB26208E4C003F6429 /* SportSettings.swift in Sources */,
				030EA01F26540AF4006CA0A0 /* HelpView.swift in Sources */,
				03CAE4672641259400C9309D /* InModule.swift in Sources */,
				03E2E5D1265FDE4300C4A350 /* DetailsSportIcon.swift in Sources */,
				03DD820C261F01190028A0A5 /* InNavigationPage.swift in Sources */,
				0383212126088DEF003EE886 /* ApplicationErrors.swift in Sources */,
				03C5649F26302FD20056756A /* AthleticDetails.swift in Sources */,
				03264BDE26203EB5003F6429 /* AthleticSettings.swift in Sources */,
				03CAE474264133F400C9309D /* SettingsDatePicker.swift in Sources */,
				03C564A326302FFC0056756A /* DetailsAthleticPicture.swift in Sources */,
				03CAE4702641303600C9309D /* SettingsSegmentedPicker.swift in Sources */,
				03264BD226203D58003F6429 /* Color+appColors.swift in Sources */,
				03BBF2662625CFDC00D41B8B /* PerformanceCell.swift in Sources */,
				03648EA4263BE6D5004EE0AA /* HomeTab.swift in Sources */,
				034FC13C262EC71A0081ADB2 /* NavigationBarButton.swift in Sources */,
				03E1F9D526457ED300DA870F /* SportsManager.swift in Sources */,
				034AB62C26010E5B0034C1E2 /* Carrots.xcdatamodeld in Sources */,
				0383212626088E0C003EE886 /* Error+userDescription.swift in Sources */,
				03C564A72630301C0056756A /* DetailsDateDisplayer.swift in Sources */,
				03DD8226261F0A540028A0A5 /* InButton.swift in Sources */,
				03DD8212261F013C0028A0A5 /* GeneralSettings.swift in Sources */,
				032AFA0F261756ED00D61E28 /* PotsHome.swift in Sources */,
				03D3C7BA260C7B1500DDA29F /* Athletic.swift in Sources */,
				03DE95842604C4CF00FBAA4F /* CoreDataStack.swift in Sources */,
				03264BEF262056E4003F6429 /* SportsHome.swift in Sources */,
				03BBF2622625CE3600D41B8B /* PerformancesHome.swift in Sources */,
				03E1F9DB2645851100DA870F /* PerformancesManager.swift in Sources */,
				03DD8222261F01D60028A0A5 /* PotAddings.swift in Sources */,
				03264BF726208E36003F6429 /* SportIcon.swift in Sources */,
				03DABD892652986A00746B6E /* EvolutionDatasManager.swift in Sources */,
				03CE074D262D75C10054BDC0 /* UIFont+appFonts.swift in Sources */,
				03F787232631B8DC00735510 /* SportDetails.swift in Sources */,
				0305890826491F4C00AB6B28 /* PotsManager.swift in Sources */,
				03192E6E262ABE02000D572E /* UIColor+appColors.swift in Sources */,
				034FC149262ECD6B0081ADB2 /* InDetailsPage.swift in Sources */,
				0335034726384CDB00E2BD99 /* DetailsPerformancesDisplayer.swift in Sources */,
				03DD8216261F01620028A0A5 /* PotCell.swift in Sources */,
				034FC152262F13D20081ADB2 /* DetailsEvolutionGraph.swift in Sources */,
				03DD821A261F01870028A0A5 /* InNavigationLink.swift in Sources */,
			);
			runOnlyForDeploymentPostprocessing = 0;
		};
		034AB63626010E600034C1E2 /* Sources */ = {
			isa = PBXSourcesBuildPhase;
			buildActionMask = 2147483647;
			files = (
				03055E9D265D3D5B00E1E12B /* GameTests.swift in Sources */,
				03055E95265D3D0300E1E12B /* PotsTests.swift in Sources */,
				03EA46DD26667635006DCF15 /* GameTestsHandler.swift in Sources */,
				03DE95912604E3B400FBAA4F /* FakeCoreDataStack.swift in Sources */,
				03055E99265D3D3900E1E12B /* AthleticsTests.swift in Sources */,
				032915C2265E5BEA0076729F /* CommonTestsSupport.swift in Sources */,
				03055EA3265D40B400E1E12B /* SettingsTests.swift in Sources */,
				03EA46D426665784006DCF15 /* EvolutionTests.swift in Sources */,
				03055E91265D3CCB00E1E12B /* SportsTests.swift in Sources */,
				03055E8B265D3C3700E1E12B /* PerformancesTests.swift in Sources */,
			);
			runOnlyForDeploymentPostprocessing = 0;
		};
/* End PBXSourcesBuildPhase section */

/* Begin PBXTargetDependency section */
		034AB63C26010E600034C1E2 /* PBXTargetDependency */ = {
			isa = PBXTargetDependency;
			target = 034AB62026010E5B0034C1E2 /* Carrots */;
			targetProxy = 034AB63B26010E600034C1E2 /* PBXContainerItemProxy */;
		};
/* End PBXTargetDependency section */

/* Begin PBXVariantGroup section */
		034AB63226010E5F0034C1E2 /* LaunchScreen.storyboard */ = {
			isa = PBXVariantGroup;
			children = (
				034AB63326010E5F0034C1E2 /* Base */,
				0366F873265666EA0070D4A0 /* fr */,
			);
			name = LaunchScreen.storyboard;
			sourceTree = "<group>";
		};
		0366F87D265667070070D4A0 /* Localizable.strings */ = {
			isa = PBXVariantGroup;
			children = (
				0366F87C265667070070D4A0 /* en */,
				0366F8802656670B0070D4A0 /* fr */,
			);
			name = Localizable.strings;
			sourceTree = "<group>";
		};
/* End PBXVariantGroup section */

/* Begin XCBuildConfiguration section */
		034AB64C26010E600034C1E2 /* Debug */ = {
			isa = XCBuildConfiguration;
			buildSettings = {
				ALWAYS_SEARCH_USER_PATHS = NO;
				CLANG_ANALYZER_LOCALIZABILITY_NONLOCALIZED = YES;
				CLANG_ANALYZER_NONNULL = YES;
				CLANG_ANALYZER_NUMBER_OBJECT_CONVERSION = YES_AGGRESSIVE;
				CLANG_CXX_LANGUAGE_STANDARD = "gnu++14";
				CLANG_CXX_LIBRARY = "libc++";
				CLANG_ENABLE_MODULES = YES;
				CLANG_ENABLE_OBJC_ARC = YES;
				CLANG_ENABLE_OBJC_WEAK = YES;
				CLANG_WARN_BLOCK_CAPTURE_AUTORELEASING = YES;
				CLANG_WARN_BOOL_CONVERSION = YES;
				CLANG_WARN_COMMA = YES;
				CLANG_WARN_CONSTANT_CONVERSION = YES;
				CLANG_WARN_DEPRECATED_OBJC_IMPLEMENTATIONS = YES;
				CLANG_WARN_DIRECT_OBJC_ISA_USAGE = YES_ERROR;
				CLANG_WARN_DOCUMENTATION_COMMENTS = YES;
				CLANG_WARN_EMPTY_BODY = YES;
				CLANG_WARN_ENUM_CONVERSION = YES;
				CLANG_WARN_INFINITE_RECURSION = YES;
				CLANG_WARN_INT_CONVERSION = YES;
				CLANG_WARN_NON_LITERAL_NULL_CONVERSION = YES;
				CLANG_WARN_OBJC_IMPLICIT_RETAIN_SELF = YES;
				CLANG_WARN_OBJC_LITERAL_CONVERSION = YES;
				CLANG_WARN_OBJC_ROOT_CLASS = YES_ERROR;
				CLANG_WARN_QUOTED_INCLUDE_IN_FRAMEWORK_HEADER = YES;
				CLANG_WARN_RANGE_LOOP_ANALYSIS = YES;
				CLANG_WARN_STRICT_PROTOTYPES = YES;
				CLANG_WARN_SUSPICIOUS_MOVE = YES;
				CLANG_WARN_UNGUARDED_AVAILABILITY = YES_AGGRESSIVE;
				CLANG_WARN_UNREACHABLE_CODE = YES;
				CLANG_WARN__DUPLICATE_METHOD_MATCH = YES;
				COPY_PHASE_STRIP = NO;
				DEBUG_INFORMATION_FORMAT = dwarf;
				ENABLE_STRICT_OBJC_MSGSEND = YES;
				ENABLE_TESTABILITY = YES;
				GCC_C_LANGUAGE_STANDARD = gnu11;
				GCC_DYNAMIC_NO_PIC = NO;
				GCC_NO_COMMON_BLOCKS = YES;
				GCC_OPTIMIZATION_LEVEL = 0;
				GCC_PREPROCESSOR_DEFINITIONS = (
					"DEBUG=1",
					"$(inherited)",
				);
				GCC_WARN_64_TO_32_BIT_CONVERSION = YES;
				GCC_WARN_ABOUT_RETURN_TYPE = YES_ERROR;
				GCC_WARN_UNDECLARED_SELECTOR = YES;
				GCC_WARN_UNINITIALIZED_AUTOS = YES_AGGRESSIVE;
				GCC_WARN_UNUSED_FUNCTION = YES;
				GCC_WARN_UNUSED_VARIABLE = YES;
				IPHONEOS_DEPLOYMENT_TARGET = 13.0;
				MTL_ENABLE_DEBUG_INFO = INCLUDE_SOURCE;
				MTL_FAST_MATH = YES;
				ONLY_ACTIVE_ARCH = YES;
				SDKROOT = iphoneos;
				SWIFT_ACTIVE_COMPILATION_CONDITIONS = DEBUG;
				SWIFT_OPTIMIZATION_LEVEL = "-Onone";
			};
			name = Debug;
		};
		034AB64D26010E600034C1E2 /* Release */ = {
			isa = XCBuildConfiguration;
			buildSettings = {
				ALWAYS_SEARCH_USER_PATHS = NO;
				CLANG_ANALYZER_LOCALIZABILITY_NONLOCALIZED = YES;
				CLANG_ANALYZER_NONNULL = YES;
				CLANG_ANALYZER_NUMBER_OBJECT_CONVERSION = YES_AGGRESSIVE;
				CLANG_CXX_LANGUAGE_STANDARD = "gnu++14";
				CLANG_CXX_LIBRARY = "libc++";
				CLANG_ENABLE_MODULES = YES;
				CLANG_ENABLE_OBJC_ARC = YES;
				CLANG_ENABLE_OBJC_WEAK = YES;
				CLANG_WARN_BLOCK_CAPTURE_AUTORELEASING = YES;
				CLANG_WARN_BOOL_CONVERSION = YES;
				CLANG_WARN_COMMA = YES;
				CLANG_WARN_CONSTANT_CONVERSION = YES;
				CLANG_WARN_DEPRECATED_OBJC_IMPLEMENTATIONS = YES;
				CLANG_WARN_DIRECT_OBJC_ISA_USAGE = YES_ERROR;
				CLANG_WARN_DOCUMENTATION_COMMENTS = YES;
				CLANG_WARN_EMPTY_BODY = YES;
				CLANG_WARN_ENUM_CONVERSION = YES;
				CLANG_WARN_INFINITE_RECURSION = YES;
				CLANG_WARN_INT_CONVERSION = YES;
				CLANG_WARN_NON_LITERAL_NULL_CONVERSION = YES;
				CLANG_WARN_OBJC_IMPLICIT_RETAIN_SELF = YES;
				CLANG_WARN_OBJC_LITERAL_CONVERSION = YES;
				CLANG_WARN_OBJC_ROOT_CLASS = YES_ERROR;
				CLANG_WARN_QUOTED_INCLUDE_IN_FRAMEWORK_HEADER = YES;
				CLANG_WARN_RANGE_LOOP_ANALYSIS = YES;
				CLANG_WARN_STRICT_PROTOTYPES = YES;
				CLANG_WARN_SUSPICIOUS_MOVE = YES;
				CLANG_WARN_UNGUARDED_AVAILABILITY = YES_AGGRESSIVE;
				CLANG_WARN_UNREACHABLE_CODE = YES;
				CLANG_WARN__DUPLICATE_METHOD_MATCH = YES;
				COPY_PHASE_STRIP = NO;
				DEBUG_INFORMATION_FORMAT = "dwarf-with-dsym";
				ENABLE_NS_ASSERTIONS = NO;
				ENABLE_STRICT_OBJC_MSGSEND = YES;
				GCC_C_LANGUAGE_STANDARD = gnu11;
				GCC_NO_COMMON_BLOCKS = YES;
				GCC_WARN_64_TO_32_BIT_CONVERSION = YES;
				GCC_WARN_ABOUT_RETURN_TYPE = YES_ERROR;
				GCC_WARN_UNDECLARED_SELECTOR = YES;
				GCC_WARN_UNINITIALIZED_AUTOS = YES_AGGRESSIVE;
				GCC_WARN_UNUSED_FUNCTION = YES;
				GCC_WARN_UNUSED_VARIABLE = YES;
				IPHONEOS_DEPLOYMENT_TARGET = 13.0;
				MTL_ENABLE_DEBUG_INFO = NO;
				MTL_FAST_MATH = YES;
				SDKROOT = iphoneos;
				SWIFT_COMPILATION_MODE = wholemodule;
				SWIFT_OPTIMIZATION_LEVEL = "-O";
				VALIDATE_PRODUCT = YES;
			};
			name = Release;
		};
		034AB64F26010E600034C1E2 /* Debug */ = {
			isa = XCBuildConfiguration;
			buildSettings = {
				ASSETCATALOG_COMPILER_APPICON_NAME = AppIcon;
				ASSETCATALOG_COMPILER_GLOBAL_ACCENT_COLOR_NAME = AccentColor;
				CODE_SIGN_STYLE = Automatic;
				DEVELOPMENT_ASSET_PATHS = "\"Carrots/Preview Content\"";
				DEVELOPMENT_TEAM = XF9Z2VTWR3;
				ENABLE_PREVIEWS = YES;
				INFOPLIST_FILE = "$(SRCROOT)/Carrots/Supporting files/Info.plist";
				LD_RUNPATH_SEARCH_PATHS = (
					"$(inherited)",
					"@executable_path/Frameworks",
				);
				PRODUCT_BUNDLE_IDENTIFIER = "com.benjamin-breton.Carrots";
				PRODUCT_NAME = "$(TARGET_NAME)";
				SWIFT_VERSION = 5.0;
				TARGETED_DEVICE_FAMILY = 1;
			};
			name = Debug;
		};
		034AB65026010E600034C1E2 /* Release */ = {
			isa = XCBuildConfiguration;
			buildSettings = {
				ASSETCATALOG_COMPILER_APPICON_NAME = AppIcon;
				ASSETCATALOG_COMPILER_GLOBAL_ACCENT_COLOR_NAME = AccentColor;
				CODE_SIGN_STYLE = Automatic;
				DEVELOPMENT_ASSET_PATHS = "\"Carrots/Preview Content\"";
				DEVELOPMENT_TEAM = XF9Z2VTWR3;
				ENABLE_PREVIEWS = YES;
				INFOPLIST_FILE = "$(SRCROOT)/Carrots/Supporting files/Info.plist";
				LD_RUNPATH_SEARCH_PATHS = (
					"$(inherited)",
					"@executable_path/Frameworks",
				);
				PRODUCT_BUNDLE_IDENTIFIER = "com.benjamin-breton.Carrots";
				PRODUCT_NAME = "$(TARGET_NAME)";
				SWIFT_VERSION = 5.0;
				TARGETED_DEVICE_FAMILY = 1;
			};
			name = Release;
		};
		034AB65226010E600034C1E2 /* Debug */ = {
			isa = XCBuildConfiguration;
			buildSettings = {
				ALWAYS_EMBED_SWIFT_STANDARD_LIBRARIES = YES;
				BUNDLE_LOADER = "$(TEST_HOST)";
				CODE_SIGN_STYLE = Automatic;
				DEVELOPMENT_TEAM = XF9Z2VTWR3;
				INFOPLIST_FILE = CarrotsTests/Info.plist;
				IPHONEOS_DEPLOYMENT_TARGET = 13.0;
				LD_RUNPATH_SEARCH_PATHS = (
					"$(inherited)",
					"@executable_path/Frameworks",
					"@loader_path/Frameworks",
				);
				PRODUCT_BUNDLE_IDENTIFIER = "com.benjamin-breton.CarrotsTests";
				PRODUCT_NAME = "$(TARGET_NAME)";
				SWIFT_VERSION = 5.0;
				TARGETED_DEVICE_FAMILY = "1,2";
				TEST_HOST = "$(BUILT_PRODUCTS_DIR)/Carrots.app/Carrots";
			};
			name = Debug;
		};
		034AB65326010E600034C1E2 /* Release */ = {
			isa = XCBuildConfiguration;
			buildSettings = {
				ALWAYS_EMBED_SWIFT_STANDARD_LIBRARIES = YES;
				BUNDLE_LOADER = "$(TEST_HOST)";
				CODE_SIGN_STYLE = Automatic;
				DEVELOPMENT_TEAM = XF9Z2VTWR3;
				INFOPLIST_FILE = CarrotsTests/Info.plist;
				IPHONEOS_DEPLOYMENT_TARGET = 13.0;
				LD_RUNPATH_SEARCH_PATHS = (
					"$(inherited)",
					"@executable_path/Frameworks",
					"@loader_path/Frameworks",
				);
				PRODUCT_BUNDLE_IDENTIFIER = "com.benjamin-breton.CarrotsTests";
				PRODUCT_NAME = "$(TARGET_NAME)";
				SWIFT_VERSION = 5.0;
				TARGETED_DEVICE_FAMILY = "1,2";
				TEST_HOST = "$(BUILT_PRODUCTS_DIR)/Carrots.app/Carrots";
			};
			name = Release;
		};
		03DABD5F26526B1200746B6E /* DAYSAGO31 */ = {
			isa = XCBuildConfiguration;
			buildSettings = {
				ALWAYS_SEARCH_USER_PATHS = NO;
				CLANG_ANALYZER_LOCALIZABILITY_NONLOCALIZED = YES;
				CLANG_ANALYZER_NONNULL = YES;
				CLANG_ANALYZER_NUMBER_OBJECT_CONVERSION = YES_AGGRESSIVE;
				CLANG_CXX_LANGUAGE_STANDARD = "gnu++14";
				CLANG_CXX_LIBRARY = "libc++";
				CLANG_ENABLE_MODULES = YES;
				CLANG_ENABLE_OBJC_ARC = YES;
				CLANG_ENABLE_OBJC_WEAK = YES;
				CLANG_WARN_BLOCK_CAPTURE_AUTORELEASING = YES;
				CLANG_WARN_BOOL_CONVERSION = YES;
				CLANG_WARN_COMMA = YES;
				CLANG_WARN_CONSTANT_CONVERSION = YES;
				CLANG_WARN_DEPRECATED_OBJC_IMPLEMENTATIONS = YES;
				CLANG_WARN_DIRECT_OBJC_ISA_USAGE = YES_ERROR;
				CLANG_WARN_DOCUMENTATION_COMMENTS = YES;
				CLANG_WARN_EMPTY_BODY = YES;
				CLANG_WARN_ENUM_CONVERSION = YES;
				CLANG_WARN_INFINITE_RECURSION = YES;
				CLANG_WARN_INT_CONVERSION = YES;
				CLANG_WARN_NON_LITERAL_NULL_CONVERSION = YES;
				CLANG_WARN_OBJC_IMPLICIT_RETAIN_SELF = YES;
				CLANG_WARN_OBJC_LITERAL_CONVERSION = YES;
				CLANG_WARN_OBJC_ROOT_CLASS = YES_ERROR;
				CLANG_WARN_QUOTED_INCLUDE_IN_FRAMEWORK_HEADER = YES;
				CLANG_WARN_RANGE_LOOP_ANALYSIS = YES;
				CLANG_WARN_STRICT_PROTOTYPES = YES;
				CLANG_WARN_SUSPICIOUS_MOVE = YES;
				CLANG_WARN_UNGUARDED_AVAILABILITY = YES_AGGRESSIVE;
				CLANG_WARN_UNREACHABLE_CODE = YES;
				CLANG_WARN__DUPLICATE_METHOD_MATCH = YES;
				COPY_PHASE_STRIP = NO;
				DEBUG_INFORMATION_FORMAT = dwarf;
				ENABLE_STRICT_OBJC_MSGSEND = YES;
				ENABLE_TESTABILITY = YES;
				GCC_C_LANGUAGE_STANDARD = gnu11;
				GCC_DYNAMIC_NO_PIC = NO;
				GCC_NO_COMMON_BLOCKS = YES;
				GCC_OPTIMIZATION_LEVEL = 0;
				GCC_PREPROCESSOR_DEFINITIONS = (
					"DEBUG=1",
					"$(inherited)",
				);
				GCC_WARN_64_TO_32_BIT_CONVERSION = YES;
				GCC_WARN_ABOUT_RETURN_TYPE = YES_ERROR;
				GCC_WARN_UNDECLARED_SELECTOR = YES;
				GCC_WARN_UNINITIALIZED_AUTOS = YES_AGGRESSIVE;
				GCC_WARN_UNUSED_FUNCTION = YES;
				GCC_WARN_UNUSED_VARIABLE = YES;
				IPHONEOS_DEPLOYMENT_TARGET = 13.0;
				MTL_ENABLE_DEBUG_INFO = INCLUDE_SOURCE;
				MTL_FAST_MATH = YES;
				ONLY_ACTIVE_ARCH = YES;
				SDKROOT = iphoneos;
				SWIFT_ACTIVE_COMPILATION_CONDITIONS = DEBUG;
				SWIFT_OPTIMIZATION_LEVEL = "-Onone";
			};
			name = DAYSAGO31;
		};
		03DABD6026526B1200746B6E /* DAYSAGO31 */ = {
			isa = XCBuildConfiguration;
			buildSettings = {
				ASSETCATALOG_COMPILER_APPICON_NAME = AppIcon;
				ASSETCATALOG_COMPILER_GLOBAL_ACCENT_COLOR_NAME = AccentColor;
				CODE_SIGN_STYLE = Automatic;
				DEVELOPMENT_ASSET_PATHS = "\"Carrots/Preview Content\"";
				DEVELOPMENT_TEAM = XF9Z2VTWR3;
				ENABLE_PREVIEWS = YES;
				INFOPLIST_FILE = "$(SRCROOT)/Carrots/Supporting files/Info.plist";
				LD_RUNPATH_SEARCH_PATHS = (
					"$(inherited)",
					"@executable_path/Frameworks",
				);
				PRODUCT_BUNDLE_IDENTIFIER = "com.benjamin-breton.Carrots";
				PRODUCT_NAME = "$(TARGET_NAME)";
				SWIFT_ACTIVE_COMPILATION_CONDITIONS = DAYSAGO31;
				SWIFT_VERSION = 5.0;
				TARGETED_DEVICE_FAMILY = 1;
			};
			name = DAYSAGO31;
		};
		03DABD6126526B1200746B6E /* DAYSAGO31 */ = {
			isa = XCBuildConfiguration;
			buildSettings = {
				ALWAYS_EMBED_SWIFT_STANDARD_LIBRARIES = YES;
				BUNDLE_LOADER = "$(TEST_HOST)";
				CODE_SIGN_STYLE = Automatic;
				DEVELOPMENT_TEAM = XF9Z2VTWR3;
				INFOPLIST_FILE = CarrotsTests/Info.plist;
				IPHONEOS_DEPLOYMENT_TARGET = 13.0;
				LD_RUNPATH_SEARCH_PATHS = (
					"$(inherited)",
					"@executable_path/Frameworks",
					"@loader_path/Frameworks",
				);
				PRODUCT_BUNDLE_IDENTIFIER = "com.benjamin-breton.CarrotsTests";
				PRODUCT_NAME = "$(TARGET_NAME)";
				SWIFT_VERSION = 5.0;
				TARGETED_DEVICE_FAMILY = "1,2";
				TEST_HOST = "$(BUILT_PRODUCTS_DIR)/Carrots.app/Carrots";
			};
			name = DAYSAGO31;
		};
		03DABD6A26526CFE00746B6E /* DAYSAGO20 */ = {
			isa = XCBuildConfiguration;
			buildSettings = {
				ALWAYS_SEARCH_USER_PATHS = NO;
				CLANG_ANALYZER_LOCALIZABILITY_NONLOCALIZED = YES;
				CLANG_ANALYZER_NONNULL = YES;
				CLANG_ANALYZER_NUMBER_OBJECT_CONVERSION = YES_AGGRESSIVE;
				CLANG_CXX_LANGUAGE_STANDARD = "gnu++14";
				CLANG_CXX_LIBRARY = "libc++";
				CLANG_ENABLE_MODULES = YES;
				CLANG_ENABLE_OBJC_ARC = YES;
				CLANG_ENABLE_OBJC_WEAK = YES;
				CLANG_WARN_BLOCK_CAPTURE_AUTORELEASING = YES;
				CLANG_WARN_BOOL_CONVERSION = YES;
				CLANG_WARN_COMMA = YES;
				CLANG_WARN_CONSTANT_CONVERSION = YES;
				CLANG_WARN_DEPRECATED_OBJC_IMPLEMENTATIONS = YES;
				CLANG_WARN_DIRECT_OBJC_ISA_USAGE = YES_ERROR;
				CLANG_WARN_DOCUMENTATION_COMMENTS = YES;
				CLANG_WARN_EMPTY_BODY = YES;
				CLANG_WARN_ENUM_CONVERSION = YES;
				CLANG_WARN_INFINITE_RECURSION = YES;
				CLANG_WARN_INT_CONVERSION = YES;
				CLANG_WARN_NON_LITERAL_NULL_CONVERSION = YES;
				CLANG_WARN_OBJC_IMPLICIT_RETAIN_SELF = YES;
				CLANG_WARN_OBJC_LITERAL_CONVERSION = YES;
				CLANG_WARN_OBJC_ROOT_CLASS = YES_ERROR;
				CLANG_WARN_QUOTED_INCLUDE_IN_FRAMEWORK_HEADER = YES;
				CLANG_WARN_RANGE_LOOP_ANALYSIS = YES;
				CLANG_WARN_STRICT_PROTOTYPES = YES;
				CLANG_WARN_SUSPICIOUS_MOVE = YES;
				CLANG_WARN_UNGUARDED_AVAILABILITY = YES_AGGRESSIVE;
				CLANG_WARN_UNREACHABLE_CODE = YES;
				CLANG_WARN__DUPLICATE_METHOD_MATCH = YES;
				COPY_PHASE_STRIP = NO;
				DEBUG_INFORMATION_FORMAT = dwarf;
				ENABLE_STRICT_OBJC_MSGSEND = YES;
				ENABLE_TESTABILITY = YES;
				GCC_C_LANGUAGE_STANDARD = gnu11;
				GCC_DYNAMIC_NO_PIC = NO;
				GCC_NO_COMMON_BLOCKS = YES;
				GCC_OPTIMIZATION_LEVEL = 0;
				GCC_PREPROCESSOR_DEFINITIONS = (
					"DEBUG=1",
					"$(inherited)",
				);
				GCC_WARN_64_TO_32_BIT_CONVERSION = YES;
				GCC_WARN_ABOUT_RETURN_TYPE = YES_ERROR;
				GCC_WARN_UNDECLARED_SELECTOR = YES;
				GCC_WARN_UNINITIALIZED_AUTOS = YES_AGGRESSIVE;
				GCC_WARN_UNUSED_FUNCTION = YES;
				GCC_WARN_UNUSED_VARIABLE = YES;
				IPHONEOS_DEPLOYMENT_TARGET = 13.0;
				MTL_ENABLE_DEBUG_INFO = INCLUDE_SOURCE;
				MTL_FAST_MATH = YES;
				ONLY_ACTIVE_ARCH = YES;
				SDKROOT = iphoneos;
				SWIFT_ACTIVE_COMPILATION_CONDITIONS = DEBUG;
				SWIFT_OPTIMIZATION_LEVEL = "-Onone";
			};
			name = DAYSAGO20;
		};
		03DABD6B26526CFE00746B6E /* DAYSAGO20 */ = {
			isa = XCBuildConfiguration;
			buildSettings = {
				ASSETCATALOG_COMPILER_APPICON_NAME = AppIcon;
				ASSETCATALOG_COMPILER_GLOBAL_ACCENT_COLOR_NAME = AccentColor;
				CODE_SIGN_STYLE = Automatic;
				DEVELOPMENT_ASSET_PATHS = "\"Carrots/Preview Content\"";
				DEVELOPMENT_TEAM = XF9Z2VTWR3;
				ENABLE_PREVIEWS = YES;
				INFOPLIST_FILE = "$(SRCROOT)/Carrots/Supporting files/Info.plist";
				LD_RUNPATH_SEARCH_PATHS = (
					"$(inherited)",
					"@executable_path/Frameworks",
				);
				PRODUCT_BUNDLE_IDENTIFIER = "com.benjamin-breton.Carrots";
				PRODUCT_NAME = "$(TARGET_NAME)";
				SWIFT_ACTIVE_COMPILATION_CONDITIONS = DAYSAGO20;
				SWIFT_VERSION = 5.0;
				TARGETED_DEVICE_FAMILY = 1;
			};
			name = DAYSAGO20;
		};
		03DABD6C26526CFE00746B6E /* DAYSAGO20 */ = {
			isa = XCBuildConfiguration;
			buildSettings = {
				ALWAYS_EMBED_SWIFT_STANDARD_LIBRARIES = YES;
				BUNDLE_LOADER = "$(TEST_HOST)";
				CODE_SIGN_STYLE = Automatic;
				DEVELOPMENT_TEAM = XF9Z2VTWR3;
				INFOPLIST_FILE = CarrotsTests/Info.plist;
				IPHONEOS_DEPLOYMENT_TARGET = 13.0;
				LD_RUNPATH_SEARCH_PATHS = (
					"$(inherited)",
					"@executable_path/Frameworks",
					"@loader_path/Frameworks",
				);
				PRODUCT_BUNDLE_IDENTIFIER = "com.benjamin-breton.CarrotsTests";
				PRODUCT_NAME = "$(TARGET_NAME)";
				SWIFT_VERSION = 5.0;
				TARGETED_DEVICE_FAMILY = "1,2";
				TEST_HOST = "$(BUILT_PRODUCTS_DIR)/Carrots.app/Carrots";
			};
			name = DAYSAGO20;
		};
		03DABD6D26526D0700746B6E /* DAYSAGO18 */ = {
			isa = XCBuildConfiguration;
			buildSettings = {
				ALWAYS_SEARCH_USER_PATHS = NO;
				CLANG_ANALYZER_LOCALIZABILITY_NONLOCALIZED = YES;
				CLANG_ANALYZER_NONNULL = YES;
				CLANG_ANALYZER_NUMBER_OBJECT_CONVERSION = YES_AGGRESSIVE;
				CLANG_CXX_LANGUAGE_STANDARD = "gnu++14";
				CLANG_CXX_LIBRARY = "libc++";
				CLANG_ENABLE_MODULES = YES;
				CLANG_ENABLE_OBJC_ARC = YES;
				CLANG_ENABLE_OBJC_WEAK = YES;
				CLANG_WARN_BLOCK_CAPTURE_AUTORELEASING = YES;
				CLANG_WARN_BOOL_CONVERSION = YES;
				CLANG_WARN_COMMA = YES;
				CLANG_WARN_CONSTANT_CONVERSION = YES;
				CLANG_WARN_DEPRECATED_OBJC_IMPLEMENTATIONS = YES;
				CLANG_WARN_DIRECT_OBJC_ISA_USAGE = YES_ERROR;
				CLANG_WARN_DOCUMENTATION_COMMENTS = YES;
				CLANG_WARN_EMPTY_BODY = YES;
				CLANG_WARN_ENUM_CONVERSION = YES;
				CLANG_WARN_INFINITE_RECURSION = YES;
				CLANG_WARN_INT_CONVERSION = YES;
				CLANG_WARN_NON_LITERAL_NULL_CONVERSION = YES;
				CLANG_WARN_OBJC_IMPLICIT_RETAIN_SELF = YES;
				CLANG_WARN_OBJC_LITERAL_CONVERSION = YES;
				CLANG_WARN_OBJC_ROOT_CLASS = YES_ERROR;
				CLANG_WARN_QUOTED_INCLUDE_IN_FRAMEWORK_HEADER = YES;
				CLANG_WARN_RANGE_LOOP_ANALYSIS = YES;
				CLANG_WARN_STRICT_PROTOTYPES = YES;
				CLANG_WARN_SUSPICIOUS_MOVE = YES;
				CLANG_WARN_UNGUARDED_AVAILABILITY = YES_AGGRESSIVE;
				CLANG_WARN_UNREACHABLE_CODE = YES;
				CLANG_WARN__DUPLICATE_METHOD_MATCH = YES;
				COPY_PHASE_STRIP = NO;
				DEBUG_INFORMATION_FORMAT = dwarf;
				ENABLE_STRICT_OBJC_MSGSEND = YES;
				ENABLE_TESTABILITY = YES;
				GCC_C_LANGUAGE_STANDARD = gnu11;
				GCC_DYNAMIC_NO_PIC = NO;
				GCC_NO_COMMON_BLOCKS = YES;
				GCC_OPTIMIZATION_LEVEL = 0;
				GCC_PREPROCESSOR_DEFINITIONS = (
					"DEBUG=1",
					"$(inherited)",
				);
				GCC_WARN_64_TO_32_BIT_CONVERSION = YES;
				GCC_WARN_ABOUT_RETURN_TYPE = YES_ERROR;
				GCC_WARN_UNDECLARED_SELECTOR = YES;
				GCC_WARN_UNINITIALIZED_AUTOS = YES_AGGRESSIVE;
				GCC_WARN_UNUSED_FUNCTION = YES;
				GCC_WARN_UNUSED_VARIABLE = YES;
				IPHONEOS_DEPLOYMENT_TARGET = 13.0;
				MTL_ENABLE_DEBUG_INFO = INCLUDE_SOURCE;
				MTL_FAST_MATH = YES;
				ONLY_ACTIVE_ARCH = YES;
				SDKROOT = iphoneos;
				SWIFT_ACTIVE_COMPILATION_CONDITIONS = DEBUG;
				SWIFT_OPTIMIZATION_LEVEL = "-Onone";
			};
			name = DAYSAGO18;
		};
		03DABD6E26526D0700746B6E /* DAYSAGO18 */ = {
			isa = XCBuildConfiguration;
			buildSettings = {
				ASSETCATALOG_COMPILER_APPICON_NAME = AppIcon;
				ASSETCATALOG_COMPILER_GLOBAL_ACCENT_COLOR_NAME = AccentColor;
				CODE_SIGN_STYLE = Automatic;
				DEVELOPMENT_ASSET_PATHS = "\"Carrots/Preview Content\"";
				DEVELOPMENT_TEAM = XF9Z2VTWR3;
				ENABLE_PREVIEWS = YES;
				INFOPLIST_FILE = "$(SRCROOT)/Carrots/Supporting files/Info.plist";
				LD_RUNPATH_SEARCH_PATHS = (
					"$(inherited)",
					"@executable_path/Frameworks",
				);
				PRODUCT_BUNDLE_IDENTIFIER = "com.benjamin-breton.Carrots";
				PRODUCT_NAME = "$(TARGET_NAME)";
				SWIFT_ACTIVE_COMPILATION_CONDITIONS = DAYSAGO18;
				SWIFT_VERSION = 5.0;
				TARGETED_DEVICE_FAMILY = 1;
			};
			name = DAYSAGO18;
		};
		03DABD6F26526D0700746B6E /* DAYSAGO18 */ = {
			isa = XCBuildConfiguration;
			buildSettings = {
				ALWAYS_EMBED_SWIFT_STANDARD_LIBRARIES = YES;
				BUNDLE_LOADER = "$(TEST_HOST)";
				CODE_SIGN_STYLE = Automatic;
				DEVELOPMENT_TEAM = XF9Z2VTWR3;
				INFOPLIST_FILE = CarrotsTests/Info.plist;
				IPHONEOS_DEPLOYMENT_TARGET = 13.0;
				LD_RUNPATH_SEARCH_PATHS = (
					"$(inherited)",
					"@executable_path/Frameworks",
					"@loader_path/Frameworks",
				);
				PRODUCT_BUNDLE_IDENTIFIER = "com.benjamin-breton.CarrotsTests";
				PRODUCT_NAME = "$(TARGET_NAME)";
				SWIFT_VERSION = 5.0;
				TARGETED_DEVICE_FAMILY = "1,2";
				TEST_HOST = "$(BUILT_PRODUCTS_DIR)/Carrots.app/Carrots";
			};
			name = DAYSAGO18;
		};
		03DABD7026526D1100746B6E /* DAYSAGO12 */ = {
			isa = XCBuildConfiguration;
			buildSettings = {
				ALWAYS_SEARCH_USER_PATHS = NO;
				CLANG_ANALYZER_LOCALIZABILITY_NONLOCALIZED = YES;
				CLANG_ANALYZER_NONNULL = YES;
				CLANG_ANALYZER_NUMBER_OBJECT_CONVERSION = YES_AGGRESSIVE;
				CLANG_CXX_LANGUAGE_STANDARD = "gnu++14";
				CLANG_CXX_LIBRARY = "libc++";
				CLANG_ENABLE_MODULES = YES;
				CLANG_ENABLE_OBJC_ARC = YES;
				CLANG_ENABLE_OBJC_WEAK = YES;
				CLANG_WARN_BLOCK_CAPTURE_AUTORELEASING = YES;
				CLANG_WARN_BOOL_CONVERSION = YES;
				CLANG_WARN_COMMA = YES;
				CLANG_WARN_CONSTANT_CONVERSION = YES;
				CLANG_WARN_DEPRECATED_OBJC_IMPLEMENTATIONS = YES;
				CLANG_WARN_DIRECT_OBJC_ISA_USAGE = YES_ERROR;
				CLANG_WARN_DOCUMENTATION_COMMENTS = YES;
				CLANG_WARN_EMPTY_BODY = YES;
				CLANG_WARN_ENUM_CONVERSION = YES;
				CLANG_WARN_INFINITE_RECURSION = YES;
				CLANG_WARN_INT_CONVERSION = YES;
				CLANG_WARN_NON_LITERAL_NULL_CONVERSION = YES;
				CLANG_WARN_OBJC_IMPLICIT_RETAIN_SELF = YES;
				CLANG_WARN_OBJC_LITERAL_CONVERSION = YES;
				CLANG_WARN_OBJC_ROOT_CLASS = YES_ERROR;
				CLANG_WARN_QUOTED_INCLUDE_IN_FRAMEWORK_HEADER = YES;
				CLANG_WARN_RANGE_LOOP_ANALYSIS = YES;
				CLANG_WARN_STRICT_PROTOTYPES = YES;
				CLANG_WARN_SUSPICIOUS_MOVE = YES;
				CLANG_WARN_UNGUARDED_AVAILABILITY = YES_AGGRESSIVE;
				CLANG_WARN_UNREACHABLE_CODE = YES;
				CLANG_WARN__DUPLICATE_METHOD_MATCH = YES;
				COPY_PHASE_STRIP = NO;
				DEBUG_INFORMATION_FORMAT = dwarf;
				ENABLE_STRICT_OBJC_MSGSEND = YES;
				ENABLE_TESTABILITY = YES;
				GCC_C_LANGUAGE_STANDARD = gnu11;
				GCC_DYNAMIC_NO_PIC = NO;
				GCC_NO_COMMON_BLOCKS = YES;
				GCC_OPTIMIZATION_LEVEL = 0;
				GCC_PREPROCESSOR_DEFINITIONS = (
					"DEBUG=1",
					"$(inherited)",
				);
				GCC_WARN_64_TO_32_BIT_CONVERSION = YES;
				GCC_WARN_ABOUT_RETURN_TYPE = YES_ERROR;
				GCC_WARN_UNDECLARED_SELECTOR = YES;
				GCC_WARN_UNINITIALIZED_AUTOS = YES_AGGRESSIVE;
				GCC_WARN_UNUSED_FUNCTION = YES;
				GCC_WARN_UNUSED_VARIABLE = YES;
				IPHONEOS_DEPLOYMENT_TARGET = 13.0;
				MTL_ENABLE_DEBUG_INFO = INCLUDE_SOURCE;
				MTL_FAST_MATH = YES;
				ONLY_ACTIVE_ARCH = YES;
				SDKROOT = iphoneos;
				SWIFT_ACTIVE_COMPILATION_CONDITIONS = DEBUG;
				SWIFT_OPTIMIZATION_LEVEL = "-Onone";
			};
			name = DAYSAGO12;
		};
		03DABD7126526D1100746B6E /* DAYSAGO12 */ = {
			isa = XCBuildConfiguration;
			buildSettings = {
				ASSETCATALOG_COMPILER_APPICON_NAME = AppIcon;
				ASSETCATALOG_COMPILER_GLOBAL_ACCENT_COLOR_NAME = AccentColor;
				CODE_SIGN_STYLE = Automatic;
				DEVELOPMENT_ASSET_PATHS = "\"Carrots/Preview Content\"";
				DEVELOPMENT_TEAM = XF9Z2VTWR3;
				ENABLE_PREVIEWS = YES;
				INFOPLIST_FILE = "$(SRCROOT)/Carrots/Supporting files/Info.plist";
				LD_RUNPATH_SEARCH_PATHS = (
					"$(inherited)",
					"@executable_path/Frameworks",
				);
				PRODUCT_BUNDLE_IDENTIFIER = "com.benjamin-breton.Carrots";
				PRODUCT_NAME = "$(TARGET_NAME)";
				SWIFT_ACTIVE_COMPILATION_CONDITIONS = DAYSAGO12;
				SWIFT_VERSION = 5.0;
				TARGETED_DEVICE_FAMILY = 1;
			};
			name = DAYSAGO12;
		};
		03DABD7226526D1100746B6E /* DAYSAGO12 */ = {
			isa = XCBuildConfiguration;
			buildSettings = {
				ALWAYS_EMBED_SWIFT_STANDARD_LIBRARIES = YES;
				BUNDLE_LOADER = "$(TEST_HOST)";
				CODE_SIGN_STYLE = Automatic;
				DEVELOPMENT_TEAM = XF9Z2VTWR3;
				INFOPLIST_FILE = CarrotsTests/Info.plist;
				IPHONEOS_DEPLOYMENT_TARGET = 13.0;
				LD_RUNPATH_SEARCH_PATHS = (
					"$(inherited)",
					"@executable_path/Frameworks",
					"@loader_path/Frameworks",
				);
				PRODUCT_BUNDLE_IDENTIFIER = "com.benjamin-breton.CarrotsTests";
				PRODUCT_NAME = "$(TARGET_NAME)";
				SWIFT_VERSION = 5.0;
				TARGETED_DEVICE_FAMILY = "1,2";
				TEST_HOST = "$(BUILT_PRODUCTS_DIR)/Carrots.app/Carrots";
			};
			name = DAYSAGO12;
		};
		03DABD7326526D1800746B6E /* DAYSAGO05 */ = {
			isa = XCBuildConfiguration;
			buildSettings = {
				ALWAYS_SEARCH_USER_PATHS = NO;
				CLANG_ANALYZER_LOCALIZABILITY_NONLOCALIZED = YES;
				CLANG_ANALYZER_NONNULL = YES;
				CLANG_ANALYZER_NUMBER_OBJECT_CONVERSION = YES_AGGRESSIVE;
				CLANG_CXX_LANGUAGE_STANDARD = "gnu++14";
				CLANG_CXX_LIBRARY = "libc++";
				CLANG_ENABLE_MODULES = YES;
				CLANG_ENABLE_OBJC_ARC = YES;
				CLANG_ENABLE_OBJC_WEAK = YES;
				CLANG_WARN_BLOCK_CAPTURE_AUTORELEASING = YES;
				CLANG_WARN_BOOL_CONVERSION = YES;
				CLANG_WARN_COMMA = YES;
				CLANG_WARN_CONSTANT_CONVERSION = YES;
				CLANG_WARN_DEPRECATED_OBJC_IMPLEMENTATIONS = YES;
				CLANG_WARN_DIRECT_OBJC_ISA_USAGE = YES_ERROR;
				CLANG_WARN_DOCUMENTATION_COMMENTS = YES;
				CLANG_WARN_EMPTY_BODY = YES;
				CLANG_WARN_ENUM_CONVERSION = YES;
				CLANG_WARN_INFINITE_RECURSION = YES;
				CLANG_WARN_INT_CONVERSION = YES;
				CLANG_WARN_NON_LITERAL_NULL_CONVERSION = YES;
				CLANG_WARN_OBJC_IMPLICIT_RETAIN_SELF = YES;
				CLANG_WARN_OBJC_LITERAL_CONVERSION = YES;
				CLANG_WARN_OBJC_ROOT_CLASS = YES_ERROR;
				CLANG_WARN_QUOTED_INCLUDE_IN_FRAMEWORK_HEADER = YES;
				CLANG_WARN_RANGE_LOOP_ANALYSIS = YES;
				CLANG_WARN_STRICT_PROTOTYPES = YES;
				CLANG_WARN_SUSPICIOUS_MOVE = YES;
				CLANG_WARN_UNGUARDED_AVAILABILITY = YES_AGGRESSIVE;
				CLANG_WARN_UNREACHABLE_CODE = YES;
				CLANG_WARN__DUPLICATE_METHOD_MATCH = YES;
				COPY_PHASE_STRIP = NO;
				DEBUG_INFORMATION_FORMAT = dwarf;
				ENABLE_STRICT_OBJC_MSGSEND = YES;
				ENABLE_TESTABILITY = YES;
				GCC_C_LANGUAGE_STANDARD = gnu11;
				GCC_DYNAMIC_NO_PIC = NO;
				GCC_NO_COMMON_BLOCKS = YES;
				GCC_OPTIMIZATION_LEVEL = 0;
				GCC_PREPROCESSOR_DEFINITIONS = (
					"DEBUG=1",
					"$(inherited)",
				);
				GCC_WARN_64_TO_32_BIT_CONVERSION = YES;
				GCC_WARN_ABOUT_RETURN_TYPE = YES_ERROR;
				GCC_WARN_UNDECLARED_SELECTOR = YES;
				GCC_WARN_UNINITIALIZED_AUTOS = YES_AGGRESSIVE;
				GCC_WARN_UNUSED_FUNCTION = YES;
				GCC_WARN_UNUSED_VARIABLE = YES;
				IPHONEOS_DEPLOYMENT_TARGET = 13.0;
				MTL_ENABLE_DEBUG_INFO = INCLUDE_SOURCE;
				MTL_FAST_MATH = YES;
				ONLY_ACTIVE_ARCH = YES;
				SDKROOT = iphoneos;
				SWIFT_ACTIVE_COMPILATION_CONDITIONS = DEBUG;
				SWIFT_OPTIMIZATION_LEVEL = "-Onone";
			};
			name = DAYSAGO05;
		};
		03DABD7426526D1800746B6E /* DAYSAGO05 */ = {
			isa = XCBuildConfiguration;
			buildSettings = {
				ASSETCATALOG_COMPILER_APPICON_NAME = AppIcon;
				ASSETCATALOG_COMPILER_GLOBAL_ACCENT_COLOR_NAME = AccentColor;
				CODE_SIGN_STYLE = Automatic;
				DEVELOPMENT_ASSET_PATHS = "\"Carrots/Preview Content\"";
				DEVELOPMENT_TEAM = XF9Z2VTWR3;
				ENABLE_PREVIEWS = YES;
				INFOPLIST_FILE = "$(SRCROOT)/Carrots/Supporting files/Info.plist";
				LD_RUNPATH_SEARCH_PATHS = (
					"$(inherited)",
					"@executable_path/Frameworks",
				);
				PRODUCT_BUNDLE_IDENTIFIER = "com.benjamin-breton.Carrots";
				PRODUCT_NAME = "$(TARGET_NAME)";
				SWIFT_ACTIVE_COMPILATION_CONDITIONS = DAYSAGO05;
				SWIFT_VERSION = 5.0;
				TARGETED_DEVICE_FAMILY = 1;
			};
			name = DAYSAGO05;
		};
		03DABD7526526D1800746B6E /* DAYSAGO05 */ = {
			isa = XCBuildConfiguration;
			buildSettings = {
				ALWAYS_EMBED_SWIFT_STANDARD_LIBRARIES = YES;
				BUNDLE_LOADER = "$(TEST_HOST)";
				CODE_SIGN_STYLE = Automatic;
				DEVELOPMENT_TEAM = XF9Z2VTWR3;
				INFOPLIST_FILE = CarrotsTests/Info.plist;
				IPHONEOS_DEPLOYMENT_TARGET = 13.0;
				LD_RUNPATH_SEARCH_PATHS = (
					"$(inherited)",
					"@executable_path/Frameworks",
					"@loader_path/Frameworks",
				);
				PRODUCT_BUNDLE_IDENTIFIER = "com.benjamin-breton.CarrotsTests";
				PRODUCT_NAME = "$(TARGET_NAME)";
				SWIFT_VERSION = 5.0;
				TARGETED_DEVICE_FAMILY = "1,2";
				TEST_HOST = "$(BUILT_PRODUCTS_DIR)/Carrots.app/Carrots";
			};
			name = DAYSAGO05;
		};
		03DABD8D2652A53800746B6E /* DAYSAGO45 */ = {
			isa = XCBuildConfiguration;
			buildSettings = {
				ALWAYS_SEARCH_USER_PATHS = NO;
				CLANG_ANALYZER_LOCALIZABILITY_NONLOCALIZED = YES;
				CLANG_ANALYZER_NONNULL = YES;
				CLANG_ANALYZER_NUMBER_OBJECT_CONVERSION = YES_AGGRESSIVE;
				CLANG_CXX_LANGUAGE_STANDARD = "gnu++14";
				CLANG_CXX_LIBRARY = "libc++";
				CLANG_ENABLE_MODULES = YES;
				CLANG_ENABLE_OBJC_ARC = YES;
				CLANG_ENABLE_OBJC_WEAK = YES;
				CLANG_WARN_BLOCK_CAPTURE_AUTORELEASING = YES;
				CLANG_WARN_BOOL_CONVERSION = YES;
				CLANG_WARN_COMMA = YES;
				CLANG_WARN_CONSTANT_CONVERSION = YES;
				CLANG_WARN_DEPRECATED_OBJC_IMPLEMENTATIONS = YES;
				CLANG_WARN_DIRECT_OBJC_ISA_USAGE = YES_ERROR;
				CLANG_WARN_DOCUMENTATION_COMMENTS = YES;
				CLANG_WARN_EMPTY_BODY = YES;
				CLANG_WARN_ENUM_CONVERSION = YES;
				CLANG_WARN_INFINITE_RECURSION = YES;
				CLANG_WARN_INT_CONVERSION = YES;
				CLANG_WARN_NON_LITERAL_NULL_CONVERSION = YES;
				CLANG_WARN_OBJC_IMPLICIT_RETAIN_SELF = YES;
				CLANG_WARN_OBJC_LITERAL_CONVERSION = YES;
				CLANG_WARN_OBJC_ROOT_CLASS = YES_ERROR;
				CLANG_WARN_QUOTED_INCLUDE_IN_FRAMEWORK_HEADER = YES;
				CLANG_WARN_RANGE_LOOP_ANALYSIS = YES;
				CLANG_WARN_STRICT_PROTOTYPES = YES;
				CLANG_WARN_SUSPICIOUS_MOVE = YES;
				CLANG_WARN_UNGUARDED_AVAILABILITY = YES_AGGRESSIVE;
				CLANG_WARN_UNREACHABLE_CODE = YES;
				CLANG_WARN__DUPLICATE_METHOD_MATCH = YES;
				COPY_PHASE_STRIP = NO;
				DEBUG_INFORMATION_FORMAT = dwarf;
				ENABLE_STRICT_OBJC_MSGSEND = YES;
				ENABLE_TESTABILITY = YES;
				GCC_C_LANGUAGE_STANDARD = gnu11;
				GCC_DYNAMIC_NO_PIC = NO;
				GCC_NO_COMMON_BLOCKS = YES;
				GCC_OPTIMIZATION_LEVEL = 0;
				GCC_PREPROCESSOR_DEFINITIONS = (
					"DEBUG=1",
					"$(inherited)",
				);
				GCC_WARN_64_TO_32_BIT_CONVERSION = YES;
				GCC_WARN_ABOUT_RETURN_TYPE = YES_ERROR;
				GCC_WARN_UNDECLARED_SELECTOR = YES;
				GCC_WARN_UNINITIALIZED_AUTOS = YES_AGGRESSIVE;
				GCC_WARN_UNUSED_FUNCTION = YES;
				GCC_WARN_UNUSED_VARIABLE = YES;
				IPHONEOS_DEPLOYMENT_TARGET = 13.0;
				MTL_ENABLE_DEBUG_INFO = INCLUDE_SOURCE;
				MTL_FAST_MATH = YES;
				ONLY_ACTIVE_ARCH = YES;
				SDKROOT = iphoneos;
				SWIFT_ACTIVE_COMPILATION_CONDITIONS = DEBUG;
				SWIFT_OPTIMIZATION_LEVEL = "-Onone";
			};
			name = DAYSAGO45;
		};
		03DABD8E2652A53800746B6E /* DAYSAGO45 */ = {
			isa = XCBuildConfiguration;
			buildSettings = {
				ASSETCATALOG_COMPILER_APPICON_NAME = AppIcon;
				ASSETCATALOG_COMPILER_GLOBAL_ACCENT_COLOR_NAME = AccentColor;
				CODE_SIGN_STYLE = Automatic;
				DEVELOPMENT_ASSET_PATHS = "\"Carrots/Preview Content\"";
				DEVELOPMENT_TEAM = XF9Z2VTWR3;
				ENABLE_PREVIEWS = YES;
				INFOPLIST_FILE = "$(SRCROOT)/Carrots/Supporting files/Info.plist";
				LD_RUNPATH_SEARCH_PATHS = (
					"$(inherited)",
					"@executable_path/Frameworks",
				);
				PRODUCT_BUNDLE_IDENTIFIER = "com.benjamin-breton.Carrots";
				PRODUCT_NAME = "$(TARGET_NAME)";
				SWIFT_ACTIVE_COMPILATION_CONDITIONS = DAYSAGO45;
				SWIFT_VERSION = 5.0;
				TARGETED_DEVICE_FAMILY = 1;
			};
			name = DAYSAGO45;
		};
		03DABD8F2652A53800746B6E /* DAYSAGO45 */ = {
			isa = XCBuildConfiguration;
			buildSettings = {
				ALWAYS_EMBED_SWIFT_STANDARD_LIBRARIES = YES;
				BUNDLE_LOADER = "$(TEST_HOST)";
				CODE_SIGN_STYLE = Automatic;
				DEVELOPMENT_TEAM = XF9Z2VTWR3;
				INFOPLIST_FILE = CarrotsTests/Info.plist;
				IPHONEOS_DEPLOYMENT_TARGET = 13.0;
				LD_RUNPATH_SEARCH_PATHS = (
					"$(inherited)",
					"@executable_path/Frameworks",
					"@loader_path/Frameworks",
				);
				PRODUCT_BUNDLE_IDENTIFIER = "com.benjamin-breton.CarrotsTests";
				PRODUCT_NAME = "$(TARGET_NAME)";
				SWIFT_VERSION = 5.0;
				TARGETED_DEVICE_FAMILY = "1,2";
				TEST_HOST = "$(BUILT_PRODUCTS_DIR)/Carrots.app/Carrots";
			};
			name = DAYSAGO45;
		};
/* End XCBuildConfiguration section */

/* Begin XCConfigurationList section */
		034AB61C26010E5B0034C1E2 /* Build configuration list for PBXProject "Carrots" */ = {
			isa = XCConfigurationList;
			buildConfigurations = (
				034AB64C26010E600034C1E2 /* Debug */,
				03DABD5F26526B1200746B6E /* DAYSAGO31 */,
				03DABD8D2652A53800746B6E /* DAYSAGO45 */,
				03DABD6A26526CFE00746B6E /* DAYSAGO20 */,
				03DABD6D26526D0700746B6E /* DAYSAGO18 */,
				03DABD7026526D1100746B6E /* DAYSAGO12 */,
				03DABD7326526D1800746B6E /* DAYSAGO05 */,
				034AB64D26010E600034C1E2 /* Release */,
			);
			defaultConfigurationIsVisible = 0;
			defaultConfigurationName = Release;
		};
		034AB64E26010E600034C1E2 /* Build configuration list for PBXNativeTarget "Carrots" */ = {
			isa = XCConfigurationList;
			buildConfigurations = (
				034AB64F26010E600034C1E2 /* Debug */,
				03DABD6026526B1200746B6E /* DAYSAGO31 */,
				03DABD8E2652A53800746B6E /* DAYSAGO45 */,
				03DABD6B26526CFE00746B6E /* DAYSAGO20 */,
				03DABD6E26526D0700746B6E /* DAYSAGO18 */,
				03DABD7126526D1100746B6E /* DAYSAGO12 */,
				03DABD7426526D1800746B6E /* DAYSAGO05 */,
				034AB65026010E600034C1E2 /* Release */,
			);
			defaultConfigurationIsVisible = 0;
			defaultConfigurationName = Release;
		};
		034AB65126010E600034C1E2 /* Build configuration list for PBXNativeTarget "CarrotsTests" */ = {
			isa = XCConfigurationList;
			buildConfigurations = (
				034AB65226010E600034C1E2 /* Debug */,
				03DABD6126526B1200746B6E /* DAYSAGO31 */,
				03DABD8F2652A53800746B6E /* DAYSAGO45 */,
				03DABD6C26526CFE00746B6E /* DAYSAGO20 */,
				03DABD6F26526D0700746B6E /* DAYSAGO18 */,
				03DABD7226526D1100746B6E /* DAYSAGO12 */,
				03DABD7526526D1800746B6E /* DAYSAGO05 */,
				034AB65326010E600034C1E2 /* Release */,
			);
			defaultConfigurationIsVisible = 0;
			defaultConfigurationName = Release;
		};
/* End XCConfigurationList section */

/* Begin XCVersionGroup section */
		034AB62A26010E5B0034C1E2 /* Carrots.xcdatamodeld */ = {
			isa = XCVersionGroup;
			children = (
				034AB62B26010E5B0034C1E2 /* Carrots.xcdatamodel */,
			);
			currentVersion = 034AB62B26010E5B0034C1E2 /* Carrots.xcdatamodel */;
			path = Carrots.xcdatamodeld;
			sourceTree = "<group>";
			versionGroupType = wrapper.xcdatamodel;
		};
/* End XCVersionGroup section */
	};
	rootObject = 034AB61926010E5B0034C1E2 /* Project object */;
}
